// !$*UTF8*$!
{
	archiveVersion = 1;
	classes = {
	};
	objectVersion = 46;
	objects = {

/* Begin PBXBuildFile section */
		364385B11A369B0E00C220CF /* EmojiTableViewCell.m in Sources */ = {isa = PBXBuildFile; fileRef = 364385AE1A369B0D00C220CF /* EmojiTableViewCell.m */; };
		364385B21A369B0E00C220CF /* EmojiTableViewController.m in Sources */ = {isa = PBXBuildFile; fileRef = 364385B01A369B0D00C220CF /* EmojiTableViewController.m */; };
		364703701A384D4000597BC3 /* MLEmojiLabel_Common.jpg in Resources */ = {isa = PBXBuildFile; fileRef = 3647036E1A384D4000597BC3 /* MLEmojiLabel_Common.jpg */; };
		364703711A384D4000597BC3 /* MLEmojiLabel_TableView.jpg in Resources */ = {isa = PBXBuildFile; fileRef = 3647036F1A384D4000597BC3 /* MLEmojiLabel_TableView.jpg */; };
		364A89201929B07200BAFB8C /* Foundation.framework in Frameworks */ = {isa = PBXBuildFile; fileRef = 364A891F1929B07200BAFB8C /* Foundation.framework */; };
		364A89221929B07200BAFB8C /* CoreGraphics.framework in Frameworks */ = {isa = PBXBuildFile; fileRef = 364A89211929B07200BAFB8C /* CoreGraphics.framework */; };
		364A89241929B07200BAFB8C /* UIKit.framework in Frameworks */ = {isa = PBXBuildFile; fileRef = 364A89231929B07200BAFB8C /* UIKit.framework */; };
		364A892A1929B07200BAFB8C /* InfoPlist.strings in Resources */ = {isa = PBXBuildFile; fileRef = 364A89281929B07200BAFB8C /* InfoPlist.strings */; };
		364A892C1929B07200BAFB8C /* main.m in Sources */ = {isa = PBXBuildFile; fileRef = 364A892B1929B07200BAFB8C /* main.m */; };
		364A89301929B07200BAFB8C /* AppDelegate.m in Sources */ = {isa = PBXBuildFile; fileRef = 364A892F1929B07200BAFB8C /* AppDelegate.m */; };
		364A89331929B07200BAFB8C /* Main.storyboard in Resources */ = {isa = PBXBuildFile; fileRef = 364A89311929B07200BAFB8C /* Main.storyboard */; };
		364A89361929B07200BAFB8C /* ViewController.m in Sources */ = {isa = PBXBuildFile; fileRef = 364A89351929B07200BAFB8C /* ViewController.m */; };
		364A89381929B07200BAFB8C /* Images.xcassets in Resources */ = {isa = PBXBuildFile; fileRef = 364A89371929B07200BAFB8C /* Images.xcassets */; };
		364A893F1929B07200BAFB8C /* XCTest.framework in Frameworks */ = {isa = PBXBuildFile; fileRef = 364A893E1929B07200BAFB8C /* XCTest.framework */; };
		364A89401929B07200BAFB8C /* Foundation.framework in Frameworks */ = {isa = PBXBuildFile; fileRef = 364A891F1929B07200BAFB8C /* Foundation.framework */; };
		364A89411929B07200BAFB8C /* UIKit.framework in Frameworks */ = {isa = PBXBuildFile; fileRef = 364A89231929B07200BAFB8C /* UIKit.framework */; };
		364A89491929B07200BAFB8C /* InfoPlist.strings in Resources */ = {isa = PBXBuildFile; fileRef = 364A89471929B07200BAFB8C /* InfoPlist.strings */; };
		364A894B1929B07200BAFB8C /* MLEmojiLabelTests.m in Sources */ = {isa = PBXBuildFile; fileRef = 364A894A1929B07200BAFB8C /* MLEmojiLabelTests.m */; };
		365FA09B1B57B7770094D200 /* TTTAttributedLabel.m in Sources */ = {isa = PBXBuildFile; fileRef = 365FA09A1B57B7770094D200 /* TTTAttributedLabel.m */; };
		369EBEC61929B320008CE3DB /* ReceiverTextNodeBkg_ios7@2x.png in Resources */ = {isa = PBXBuildFile; fileRef = 369EBEC41929B320008CE3DB /* ReceiverTextNodeBkg_ios7@2x.png */; };
		369EBEC71929B320008CE3DB /* ReceiverTextNodeBkgHL_ios7@2x.png in Resources */ = {isa = PBXBuildFile; fileRef = 369EBEC51929B320008CE3DB /* ReceiverTextNodeBkgHL_ios7@2x.png */; };
		369EE2DF19AB2BE100A93160 /* MLEmojiLabel.m in Sources */ = {isa = PBXBuildFile; fileRef = 369EE2DE19AB2BE100A93160 /* MLEmojiLabel.m */; };
		36C3B6AF192B3D7A00B6063D /* Expression_100@2x.png in Resources */ = {isa = PBXBuildFile; fileRef = 36C3B63F192B3D7A00B6063D /* Expression_100@2x.png */; };
		36C3B6B0192B3D7A00B6063D /* Expression_101@2x.png in Resources */ = {isa = PBXBuildFile; fileRef = 36C3B640192B3D7A00B6063D /* Expression_101@2x.png */; };
		36C3B6B1192B3D7A00B6063D /* Expression_102@2x.png in Resources */ = {isa = PBXBuildFile; fileRef = 36C3B641192B3D7A00B6063D /* Expression_102@2x.png */; };
		36C3B6B2192B3D7A00B6063D /* Expression_103@2x.png in Resources */ = {isa = PBXBuildFile; fileRef = 36C3B642192B3D7A00B6063D /* Expression_103@2x.png */; };
		36C3B6B3192B3D7A00B6063D /* Expression_104@2x.png in Resources */ = {isa = PBXBuildFile; fileRef = 36C3B643192B3D7A00B6063D /* Expression_104@2x.png */; };
		36C3B6B4192B3D7A00B6063D /* Expression_105@2x.png in Resources */ = {isa = PBXBuildFile; fileRef = 36C3B644192B3D7A00B6063D /* Expression_105@2x.png */; };
		36C3B6B5192B3D7A00B6063D /* Expression_10@2x.png in Resources */ = {isa = PBXBuildFile; fileRef = 36C3B645192B3D7A00B6063D /* Expression_10@2x.png */; };
		36C3B6B6192B3D7A00B6063D /* Expression_11@2x.png in Resources */ = {isa = PBXBuildFile; fileRef = 36C3B646192B3D7A00B6063D /* Expression_11@2x.png */; };
		36C3B6B7192B3D7A00B6063D /* Expression_12@2x.png in Resources */ = {isa = PBXBuildFile; fileRef = 36C3B647192B3D7A00B6063D /* Expression_12@2x.png */; };
		36C3B6B8192B3D7A00B6063D /* Expression_13@2x.png in Resources */ = {isa = PBXBuildFile; fileRef = 36C3B648192B3D7A00B6063D /* Expression_13@2x.png */; };
		36C3B6B9192B3D7A00B6063D /* Expression_14@2x.png in Resources */ = {isa = PBXBuildFile; fileRef = 36C3B649192B3D7A00B6063D /* Expression_14@2x.png */; };
		36C3B6BA192B3D7A00B6063D /* Expression_15@2x.png in Resources */ = {isa = PBXBuildFile; fileRef = 36C3B64A192B3D7A00B6063D /* Expression_15@2x.png */; };
		36C3B6BB192B3D7A00B6063D /* Expression_16@2x.png in Resources */ = {isa = PBXBuildFile; fileRef = 36C3B64B192B3D7A00B6063D /* Expression_16@2x.png */; };
		36C3B6BC192B3D7A00B6063D /* Expression_17@2x.png in Resources */ = {isa = PBXBuildFile; fileRef = 36C3B64C192B3D7A00B6063D /* Expression_17@2x.png */; };
		36C3B6BD192B3D7A00B6063D /* Expression_18@2x.png in Resources */ = {isa = PBXBuildFile; fileRef = 36C3B64D192B3D7A00B6063D /* Expression_18@2x.png */; };
		36C3B6BE192B3D7A00B6063D /* Expression_19@2x.png in Resources */ = {isa = PBXBuildFile; fileRef = 36C3B64E192B3D7A00B6063D /* Expression_19@2x.png */; };
		36C3B6BF192B3D7A00B6063D /* Expression_1@2x.png in Resources */ = {isa = PBXBuildFile; fileRef = 36C3B64F192B3D7A00B6063D /* Expression_1@2x.png */; };
		36C3B6C0192B3D7A00B6063D /* Expression_20@2x.png in Resources */ = {isa = PBXBuildFile; fileRef = 36C3B650192B3D7A00B6063D /* Expression_20@2x.png */; };
		36C3B6C1192B3D7A00B6063D /* Expression_21@2x.png in Resources */ = {isa = PBXBuildFile; fileRef = 36C3B651192B3D7A00B6063D /* Expression_21@2x.png */; };
		36C3B6C2192B3D7A00B6063D /* Expression_22@2x.png in Resources */ = {isa = PBXBuildFile; fileRef = 36C3B652192B3D7A00B6063D /* Expression_22@2x.png */; };
		36C3B6C3192B3D7A00B6063D /* Expression_23@2x.png in Resources */ = {isa = PBXBuildFile; fileRef = 36C3B653192B3D7A00B6063D /* Expression_23@2x.png */; };
		36C3B6C4192B3D7A00B6063D /* Expression_24@2x.png in Resources */ = {isa = PBXBuildFile; fileRef = 36C3B654192B3D7A00B6063D /* Expression_24@2x.png */; };
		36C3B6C5192B3D7A00B6063D /* Expression_25@2x.png in Resources */ = {isa = PBXBuildFile; fileRef = 36C3B655192B3D7A00B6063D /* Expression_25@2x.png */; };
		36C3B6C6192B3D7A00B6063D /* Expression_26@2x.png in Resources */ = {isa = PBXBuildFile; fileRef = 36C3B656192B3D7A00B6063D /* Expression_26@2x.png */; };
		36C3B6C7192B3D7A00B6063D /* Expression_27@2x.png in Resources */ = {isa = PBXBuildFile; fileRef = 36C3B657192B3D7A00B6063D /* Expression_27@2x.png */; };
		36C3B6C8192B3D7A00B6063D /* Expression_28@2x.png in Resources */ = {isa = PBXBuildFile; fileRef = 36C3B658192B3D7A00B6063D /* Expression_28@2x.png */; };
		36C3B6C9192B3D7A00B6063D /* Expression_29@2x.png in Resources */ = {isa = PBXBuildFile; fileRef = 36C3B659192B3D7A00B6063D /* Expression_29@2x.png */; };
		36C3B6CA192B3D7A00B6063D /* Expression_2@2x.png in Resources */ = {isa = PBXBuildFile; fileRef = 36C3B65A192B3D7A00B6063D /* Expression_2@2x.png */; };
		36C3B6CB192B3D7A00B6063D /* Expression_30@2x.png in Resources */ = {isa = PBXBuildFile; fileRef = 36C3B65B192B3D7A00B6063D /* Expression_30@2x.png */; };
		36C3B6CC192B3D7A00B6063D /* Expression_31@2x.png in Resources */ = {isa = PBXBuildFile; fileRef = 36C3B65C192B3D7A00B6063D /* Expression_31@2x.png */; };
		36C3B6CD192B3D7A00B6063D /* Expression_32@2x.png in Resources */ = {isa = PBXBuildFile; fileRef = 36C3B65D192B3D7A00B6063D /* Expression_32@2x.png */; };
		36C3B6CE192B3D7A00B6063D /* Expression_33@2x.png in Resources */ = {isa = PBXBuildFile; fileRef = 36C3B65E192B3D7A00B6063D /* Expression_33@2x.png */; };
		36C3B6CF192B3D7A00B6063D /* Expression_34@2x.png in Resources */ = {isa = PBXBuildFile; fileRef = 36C3B65F192B3D7A00B6063D /* Expression_34@2x.png */; };
		36C3B6D0192B3D7A00B6063D /* Expression_35@2x.png in Resources */ = {isa = PBXBuildFile; fileRef = 36C3B660192B3D7A00B6063D /* Expression_35@2x.png */; };
		36C3B6D1192B3D7A00B6063D /* Expression_36@2x.png in Resources */ = {isa = PBXBuildFile; fileRef = 36C3B661192B3D7A00B6063D /* Expression_36@2x.png */; };
		36C3B6D2192B3D7A00B6063D /* Expression_37@2x.png in Resources */ = {isa = PBXBuildFile; fileRef = 36C3B662192B3D7A00B6063D /* Expression_37@2x.png */; };
		36C3B6D3192B3D7A00B6063D /* Expression_38@2x.png in Resources */ = {isa = PBXBuildFile; fileRef = 36C3B663192B3D7A00B6063D /* Expression_38@2x.png */; };
		36C3B6D4192B3D7A00B6063D /* Expression_39@2x.png in Resources */ = {isa = PBXBuildFile; fileRef = 36C3B664192B3D7A00B6063D /* Expression_39@2x.png */; };
		36C3B6D5192B3D7A00B6063D /* Expression_3@2x.png in Resources */ = {isa = PBXBuildFile; fileRef = 36C3B665192B3D7A00B6063D /* Expression_3@2x.png */; };
		36C3B6D6192B3D7A00B6063D /* Expression_40@2x.png in Resources */ = {isa = PBXBuildFile; fileRef = 36C3B666192B3D7A00B6063D /* Expression_40@2x.png */; };
		36C3B6D7192B3D7A00B6063D /* Expression_41@2x.png in Resources */ = {isa = PBXBuildFile; fileRef = 36C3B667192B3D7A00B6063D /* Expression_41@2x.png */; };
		36C3B6D8192B3D7A00B6063D /* Expression_42@2x.png in Resources */ = {isa = PBXBuildFile; fileRef = 36C3B668192B3D7A00B6063D /* Expression_42@2x.png */; };
		36C3B6D9192B3D7A00B6063D /* Expression_43@2x.png in Resources */ = {isa = PBXBuildFile; fileRef = 36C3B669192B3D7A00B6063D /* Expression_43@2x.png */; };
		36C3B6DA192B3D7A00B6063D /* Expression_44@2x.png in Resources */ = {isa = PBXBuildFile; fileRef = 36C3B66A192B3D7A00B6063D /* Expression_44@2x.png */; };
		36C3B6DB192B3D7A00B6063D /* Expression_45@2x.png in Resources */ = {isa = PBXBuildFile; fileRef = 36C3B66B192B3D7A00B6063D /* Expression_45@2x.png */; };
		36C3B6DC192B3D7A00B6063D /* Expression_46@2x.png in Resources */ = {isa = PBXBuildFile; fileRef = 36C3B66C192B3D7A00B6063D /* Expression_46@2x.png */; };
		36C3B6DD192B3D7A00B6063D /* Expression_47@2x.png in Resources */ = {isa = PBXBuildFile; fileRef = 36C3B66D192B3D7A00B6063D /* Expression_47@2x.png */; };
		36C3B6DE192B3D7A00B6063D /* Expression_48@2x.png in Resources */ = {isa = PBXBuildFile; fileRef = 36C3B66E192B3D7A00B6063D /* Expression_48@2x.png */; };
		36C3B6DF192B3D7A00B6063D /* Expression_49@2x.png in Resources */ = {isa = PBXBuildFile; fileRef = 36C3B66F192B3D7A00B6063D /* Expression_49@2x.png */; };
		36C3B6E0192B3D7A00B6063D /* Expression_4@2x.png in Resources */ = {isa = PBXBuildFile; fileRef = 36C3B670192B3D7A00B6063D /* Expression_4@2x.png */; };
		36C3B6E1192B3D7A00B6063D /* Expression_50@2x.png in Resources */ = {isa = PBXBuildFile; fileRef = 36C3B671192B3D7A00B6063D /* Expression_50@2x.png */; };
		36C3B6E2192B3D7A00B6063D /* Expression_51@2x.png in Resources */ = {isa = PBXBuildFile; fileRef = 36C3B672192B3D7A00B6063D /* Expression_51@2x.png */; };
		36C3B6E3192B3D7A00B6063D /* Expression_52@2x.png in Resources */ = {isa = PBXBuildFile; fileRef = 36C3B673192B3D7A00B6063D /* Expression_52@2x.png */; };
		36C3B6E4192B3D7A00B6063D /* Expression_53@2x.png in Resources */ = {isa = PBXBuildFile; fileRef = 36C3B674192B3D7A00B6063D /* Expression_53@2x.png */; };
		36C3B6E5192B3D7A00B6063D /* Expression_54@2x.png in Resources */ = {isa = PBXBuildFile; fileRef = 36C3B675192B3D7A00B6063D /* Expression_54@2x.png */; };
		36C3B6E6192B3D7A00B6063D /* Expression_55@2x.png in Resources */ = {isa = PBXBuildFile; fileRef = 36C3B676192B3D7A00B6063D /* Expression_55@2x.png */; };
		36C3B6E7192B3D7A00B6063D /* Expression_56@2x.png in Resources */ = {isa = PBXBuildFile; fileRef = 36C3B677192B3D7A00B6063D /* Expression_56@2x.png */; };
		36C3B6E8192B3D7A00B6063D /* Expression_57@2x.png in Resources */ = {isa = PBXBuildFile; fileRef = 36C3B678192B3D7A00B6063D /* Expression_57@2x.png */; };
		36C3B6E9192B3D7A00B6063D /* Expression_58@2x.png in Resources */ = {isa = PBXBuildFile; fileRef = 36C3B679192B3D7A00B6063D /* Expression_58@2x.png */; };
		36C3B6EA192B3D7A00B6063D /* Expression_59@2x.png in Resources */ = {isa = PBXBuildFile; fileRef = 36C3B67A192B3D7A00B6063D /* Expression_59@2x.png */; };
		36C3B6EB192B3D7A00B6063D /* Expression_5@2x.png in Resources */ = {isa = PBXBuildFile; fileRef = 36C3B67B192B3D7A00B6063D /* Expression_5@2x.png */; };
		36C3B6EC192B3D7A00B6063D /* Expression_60@2x.png in Resources */ = {isa = PBXBuildFile; fileRef = 36C3B67C192B3D7A00B6063D /* Expression_60@2x.png */; };
		36C3B6ED192B3D7A00B6063D /* Expression_61@2x.png in Resources */ = {isa = PBXBuildFile; fileRef = 36C3B67D192B3D7A00B6063D /* Expression_61@2x.png */; };
		36C3B6EE192B3D7A00B6063D /* Expression_62@2x.png in Resources */ = {isa = PBXBuildFile; fileRef = 36C3B67E192B3D7A00B6063D /* Expression_62@2x.png */; };
		36C3B6EF192B3D7A00B6063D /* Expression_63@2x.png in Resources */ = {isa = PBXBuildFile; fileRef = 36C3B67F192B3D7A00B6063D /* Expression_63@2x.png */; };
		36C3B6F0192B3D7A00B6063D /* Expression_64@2x.png in Resources */ = {isa = PBXBuildFile; fileRef = 36C3B680192B3D7A00B6063D /* Expression_64@2x.png */; };
		36C3B6F1192B3D7A00B6063D /* Expression_65@2x.png in Resources */ = {isa = PBXBuildFile; fileRef = 36C3B681192B3D7A00B6063D /* Expression_65@2x.png */; };
		36C3B6F2192B3D7A00B6063D /* Expression_66@2x.png in Resources */ = {isa = PBXBuildFile; fileRef = 36C3B682192B3D7A00B6063D /* Expression_66@2x.png */; };
		36C3B6F3192B3D7A00B6063D /* Expression_67@2x.png in Resources */ = {isa = PBXBuildFile; fileRef = 36C3B683192B3D7A00B6063D /* Expression_67@2x.png */; };
		36C3B6F4192B3D7A00B6063D /* Expression_68@2x.png in Resources */ = {isa = PBXBuildFile; fileRef = 36C3B684192B3D7A00B6063D /* Expression_68@2x.png */; };
		36C3B6F5192B3D7A00B6063D /* Expression_69@2x.png in Resources */ = {isa = PBXBuildFile; fileRef = 36C3B685192B3D7A00B6063D /* Expression_69@2x.png */; };
		36C3B6F6192B3D7A00B6063D /* Expression_6@2x.png in Resources */ = {isa = PBXBuildFile; fileRef = 36C3B686192B3D7A00B6063D /* Expression_6@2x.png */; };
		36C3B6F7192B3D7A00B6063D /* Expression_70@2x.png in Resources */ = {isa = PBXBuildFile; fileRef = 36C3B687192B3D7A00B6063D /* Expression_70@2x.png */; };
		36C3B6F8192B3D7A00B6063D /* Expression_71@2x.png in Resources */ = {isa = PBXBuildFile; fileRef = 36C3B688192B3D7A00B6063D /* Expression_71@2x.png */; };
		36C3B6F9192B3D7A00B6063D /* Expression_72@2x.png in Resources */ = {isa = PBXBuildFile; fileRef = 36C3B689192B3D7A00B6063D /* Expression_72@2x.png */; };
		36C3B6FA192B3D7A00B6063D /* Expression_73@2x.png in Resources */ = {isa = PBXBuildFile; fileRef = 36C3B68A192B3D7A00B6063D /* Expression_73@2x.png */; };
		36C3B6FB192B3D7A00B6063D /* Expression_74@2x.png in Resources */ = {isa = PBXBuildFile; fileRef = 36C3B68B192B3D7A00B6063D /* Expression_74@2x.png */; };
		36C3B6FC192B3D7A00B6063D /* Expression_75@2x.png in Resources */ = {isa = PBXBuildFile; fileRef = 36C3B68C192B3D7A00B6063D /* Expression_75@2x.png */; };
		36C3B6FD192B3D7A00B6063D /* Expression_76@2x.png in Resources */ = {isa = PBXBuildFile; fileRef = 36C3B68D192B3D7A00B6063D /* Expression_76@2x.png */; };
		36C3B6FE192B3D7A00B6063D /* Expression_77@2x.png in Resources */ = {isa = PBXBuildFile; fileRef = 36C3B68E192B3D7A00B6063D /* Expression_77@2x.png */; };
		36C3B6FF192B3D7A00B6063D /* Expression_78@2x.png in Resources */ = {isa = PBXBuildFile; fileRef = 36C3B68F192B3D7A00B6063D /* Expression_78@2x.png */; };
		36C3B700192B3D7A00B6063D /* Expression_79@2x.png in Resources */ = {isa = PBXBuildFile; fileRef = 36C3B690192B3D7A00B6063D /* Expression_79@2x.png */; };
		36C3B701192B3D7A00B6063D /* Expression_7@2x.png in Resources */ = {isa = PBXBuildFile; fileRef = 36C3B691192B3D7A00B6063D /* Expression_7@2x.png */; };
		36C3B702192B3D7A00B6063D /* Expression_80@2x.png in Resources */ = {isa = PBXBuildFile; fileRef = 36C3B692192B3D7A00B6063D /* Expression_80@2x.png */; };
		36C3B703192B3D7A00B6063D /* Expression_81@2x.png in Resources */ = {isa = PBXBuildFile; fileRef = 36C3B693192B3D7A00B6063D /* Expression_81@2x.png */; };
		36C3B704192B3D7A00B6063D /* Expression_82@2x.png in Resources */ = {isa = PBXBuildFile; fileRef = 36C3B694192B3D7A00B6063D /* Expression_82@2x.png */; };
		36C3B705192B3D7A00B6063D /* Expression_83@2x.png in Resources */ = {isa = PBXBuildFile; fileRef = 36C3B695192B3D7A00B6063D /* Expression_83@2x.png */; };
		36C3B706192B3D7A00B6063D /* Expression_84@2x.png in Resources */ = {isa = PBXBuildFile; fileRef = 36C3B696192B3D7A00B6063D /* Expression_84@2x.png */; };
		36C3B707192B3D7A00B6063D /* Expression_85@2x.png in Resources */ = {isa = PBXBuildFile; fileRef = 36C3B697192B3D7A00B6063D /* Expression_85@2x.png */; };
		36C3B708192B3D7A00B6063D /* Expression_86@2x.png in Resources */ = {isa = PBXBuildFile; fileRef = 36C3B698192B3D7A00B6063D /* Expression_86@2x.png */; };
		36C3B709192B3D7A00B6063D /* Expression_87@2x.png in Resources */ = {isa = PBXBuildFile; fileRef = 36C3B699192B3D7A00B6063D /* Expression_87@2x.png */; };
		36C3B70A192B3D7A00B6063D /* Expression_88@2x.png in Resources */ = {isa = PBXBuildFile; fileRef = 36C3B69A192B3D7A00B6063D /* Expression_88@2x.png */; };
		36C3B70B192B3D7A00B6063D /* Expression_89@2x.png in Resources */ = {isa = PBXBuildFile; fileRef = 36C3B69B192B3D7A00B6063D /* Expression_89@2x.png */; };
		36C3B70C192B3D7A00B6063D /* Expression_8@2x.png in Resources */ = {isa = PBXBuildFile; fileRef = 36C3B69C192B3D7A00B6063D /* Expression_8@2x.png */; };
		36C3B70D192B3D7A00B6063D /* Expression_90@2x.png in Resources */ = {isa = PBXBuildFile; fileRef = 36C3B69D192B3D7A00B6063D /* Expression_90@2x.png */; };
		36C3B70E192B3D7A00B6063D /* Expression_91@2x.png in Resources */ = {isa = PBXBuildFile; fileRef = 36C3B69E192B3D7A00B6063D /* Expression_91@2x.png */; };
		36C3B70F192B3D7A00B6063D /* Expression_92@2x.png in Resources */ = {isa = PBXBuildFile; fileRef = 36C3B69F192B3D7A00B6063D /* Expression_92@2x.png */; };
		36C3B710192B3D7A00B6063D /* Expression_93@2x.png in Resources */ = {isa = PBXBuildFile; fileRef = 36C3B6A0192B3D7A00B6063D /* Expression_93@2x.png */; };
		36C3B711192B3D7A00B6063D /* Expression_94@2x.png in Resources */ = {isa = PBXBuildFile; fileRef = 36C3B6A1192B3D7A00B6063D /* Expression_94@2x.png */; };
		36C3B712192B3D7A00B6063D /* Expression_95@2x.png in Resources */ = {isa = PBXBuildFile; fileRef = 36C3B6A2192B3D7A00B6063D /* Expression_95@2x.png */; };
		36C3B713192B3D7A00B6063D /* Expression_96@2x.png in Resources */ = {isa = PBXBuildFile; fileRef = 36C3B6A3192B3D7A00B6063D /* Expression_96@2x.png */; };
		36C3B714192B3D7A00B6063D /* Expression_97@2x.png in Resources */ = {isa = PBXBuildFile; fileRef = 36C3B6A4192B3D7A00B6063D /* Expression_97@2x.png */; };
		36C3B715192B3D7A00B6063D /* Expression_98@2x.png in Resources */ = {isa = PBXBuildFile; fileRef = 36C3B6A5192B3D7A00B6063D /* Expression_98@2x.png */; };
		36C3B716192B3D7A00B6063D /* Expression_99@2x.png in Resources */ = {isa = PBXBuildFile; fileRef = 36C3B6A6192B3D7A00B6063D /* Expression_99@2x.png */; };
		36C3B717192B3D7A00B6063D /* Expression_9@2x.png in Resources */ = {isa = PBXBuildFile; fileRef = 36C3B6A7192B3D7A00B6063D /* Expression_9@2x.png */; };
		36C3B721192B424700B6063D /* expressionImage_custom.plist in Resources */ = {isa = PBXBuildFile; fileRef = 36C3B71F192B424700B6063D /* expressionImage_custom.plist */; };
		36C3B7E0192C6CEF00B6063D /* expressionImage.plist in Resources */ = {isa = PBXBuildFile; fileRef = 36C3B7DE192C6CEE00B6063D /* expressionImage.plist */; };
		36C4DBC319790BAA00731042 /* README.md in Resources */ = {isa = PBXBuildFile; fileRef = 36C4DBC119790BAA00731042 /* README.md */; };
		36E2DB311999DBC900F8AF41 /* expression.plist in Resources */ = {isa = PBXBuildFile; fileRef = 36E2DB301999DBC900F8AF41 /* expression.plist */; };
		36E2DB331999DBCF00F8AF41 /* expression_custom.plist in Resources */ = {isa = PBXBuildFile; fileRef = 36E2DB321999DBCF00F8AF41 /* expression_custom.plist */; };
/* End PBXBuildFile section */

/* Begin PBXContainerItemProxy section */
		364A89421929B07200BAFB8C /* PBXContainerItemProxy */ = {
			isa = PBXContainerItemProxy;
			containerPortal = 364A89141929B07200BAFB8C /* Project object */;
			proxyType = 1;
			remoteGlobalIDString = 364A891B1929B07200BAFB8C;
			remoteInfo = MLEmojiLabel;
		};
/* End PBXContainerItemProxy section */

/* Begin PBXFileReference section */
		364385AD1A369B0D00C220CF /* EmojiTableViewCell.h */ = {isa = PBXFileReference; fileEncoding = 4; lastKnownFileType = sourcecode.c.h; path = EmojiTableViewCell.h; sourceTree = "<group>"; };
		364385AE1A369B0D00C220CF /* EmojiTableViewCell.m */ = {isa = PBXFileReference; fileEncoding = 4; lastKnownFileType = sourcecode.c.objc; path = EmojiTableViewCell.m; sourceTree = "<group>"; };
		364385AF1A369B0D00C220CF /* EmojiTableViewController.h */ = {isa = PBXFileReference; fileEncoding = 4; lastKnownFileType = sourcecode.c.h; path = EmojiTableViewController.h; sourceTree = "<group>"; };
		364385B01A369B0D00C220CF /* EmojiTableViewController.m */ = {isa = PBXFileReference; fileEncoding = 4; lastKnownFileType = sourcecode.c.objc; path = EmojiTableViewController.m; sourceTree = "<group>"; };
		3647036E1A384D4000597BC3 /* MLEmojiLabel_Common.jpg */ = {isa = PBXFileReference; lastKnownFileType = image.jpeg; path = MLEmojiLabel_Common.jpg; sourceTree = "<group>"; };
		3647036F1A384D4000597BC3 /* MLEmojiLabel_TableView.jpg */ = {isa = PBXFileReference; lastKnownFileType = image.jpeg; path = MLEmojiLabel_TableView.jpg; sourceTree = "<group>"; };
		364A891C1929B07200BAFB8C /* MLEmojiLabel.app */ = {isa = PBXFileReference; explicitFileType = wrapper.application; includeInIndex = 0; path = MLEmojiLabel.app; sourceTree = BUILT_PRODUCTS_DIR; };
		364A891F1929B07200BAFB8C /* Foundation.framework */ = {isa = PBXFileReference; lastKnownFileType = wrapper.framework; name = Foundation.framework; path = System/Library/Frameworks/Foundation.framework; sourceTree = SDKROOT; };
		364A89211929B07200BAFB8C /* CoreGraphics.framework */ = {isa = PBXFileReference; lastKnownFileType = wrapper.framework; name = CoreGraphics.framework; path = System/Library/Frameworks/CoreGraphics.framework; sourceTree = SDKROOT; };
		364A89231929B07200BAFB8C /* UIKit.framework */ = {isa = PBXFileReference; lastKnownFileType = wrapper.framework; name = UIKit.framework; path = System/Library/Frameworks/UIKit.framework; sourceTree = SDKROOT; };
		364A89271929B07200BAFB8C /* MLEmojiLabel-Info.plist */ = {isa = PBXFileReference; lastKnownFileType = text.plist.xml; path = "MLEmojiLabel-Info.plist"; sourceTree = "<group>"; };
		364A89291929B07200BAFB8C /* en */ = {isa = PBXFileReference; lastKnownFileType = text.plist.strings; name = en; path = en.lproj/InfoPlist.strings; sourceTree = "<group>"; };
		364A892B1929B07200BAFB8C /* main.m */ = {isa = PBXFileReference; lastKnownFileType = sourcecode.c.objc; path = main.m; sourceTree = "<group>"; };
		364A892D1929B07200BAFB8C /* MLEmojiLabel-Prefix.pch */ = {isa = PBXFileReference; lastKnownFileType = sourcecode.c.h; path = "MLEmojiLabel-Prefix.pch"; sourceTree = "<group>"; };
		364A892E1929B07200BAFB8C /* AppDelegate.h */ = {isa = PBXFileReference; lastKnownFileType = sourcecode.c.h; path = AppDelegate.h; sourceTree = "<group>"; };
		364A892F1929B07200BAFB8C /* AppDelegate.m */ = {isa = PBXFileReference; lastKnownFileType = sourcecode.c.objc; path = AppDelegate.m; sourceTree = "<group>"; };
		364A89321929B07200BAFB8C /* Base */ = {isa = PBXFileReference; lastKnownFileType = file.storyboard; name = Base; path = Base.lproj/Main.storyboard; sourceTree = "<group>"; };
		364A89341929B07200BAFB8C /* ViewController.h */ = {isa = PBXFileReference; lastKnownFileType = sourcecode.c.h; path = ViewController.h; sourceTree = "<group>"; };
		364A89351929B07200BAFB8C /* ViewController.m */ = {isa = PBXFileReference; lastKnownFileType = sourcecode.c.objc; path = ViewController.m; sourceTree = "<group>"; };
		364A89371929B07200BAFB8C /* Images.xcassets */ = {isa = PBXFileReference; lastKnownFileType = folder.assetcatalog; path = Images.xcassets; sourceTree = "<group>"; };
		364A893D1929B07200BAFB8C /* MLEmojiLabelTests.xctest */ = {isa = PBXFileReference; explicitFileType = wrapper.cfbundle; includeInIndex = 0; path = MLEmojiLabelTests.xctest; sourceTree = BUILT_PRODUCTS_DIR; };
		364A893E1929B07200BAFB8C /* XCTest.framework */ = {isa = PBXFileReference; lastKnownFileType = wrapper.framework; name = XCTest.framework; path = Library/Frameworks/XCTest.framework; sourceTree = DEVELOPER_DIR; };
		364A89461929B07200BAFB8C /* MLEmojiLabelTests-Info.plist */ = {isa = PBXFileReference; lastKnownFileType = text.plist.xml; path = "MLEmojiLabelTests-Info.plist"; sourceTree = "<group>"; };
		364A89481929B07200BAFB8C /* en */ = {isa = PBXFileReference; lastKnownFileType = text.plist.strings; name = en; path = en.lproj/InfoPlist.strings; sourceTree = "<group>"; };
		364A894A1929B07200BAFB8C /* MLEmojiLabelTests.m */ = {isa = PBXFileReference; lastKnownFileType = sourcecode.c.objc; path = MLEmojiLabelTests.m; sourceTree = "<group>"; };
		365FA0991B57B7770094D200 /* TTTAttributedLabel.h */ = {isa = PBXFileReference; fileEncoding = 4; lastKnownFileType = sourcecode.c.h; path = TTTAttributedLabel.h; sourceTree = "<group>"; };
		365FA09A1B57B7770094D200 /* TTTAttributedLabel.m */ = {isa = PBXFileReference; fileEncoding = 4; lastKnownFileType = sourcecode.c.objc; path = TTTAttributedLabel.m; sourceTree = "<group>"; };
		369EBEC41929B320008CE3DB /* ReceiverTextNodeBkg_ios7@2x.png */ = {isa = PBXFileReference; lastKnownFileType = image.png; path = "ReceiverTextNodeBkg_ios7@2x.png"; sourceTree = "<group>"; };
		369EBEC51929B320008CE3DB /* ReceiverTextNodeBkgHL_ios7@2x.png */ = {isa = PBXFileReference; lastKnownFileType = image.png; path = "ReceiverTextNodeBkgHL_ios7@2x.png"; sourceTree = "<group>"; };
		369EE2DD19AB2BE100A93160 /* MLEmojiLabel.h */ = {isa = PBXFileReference; fileEncoding = 4; lastKnownFileType = sourcecode.c.h; path = MLEmojiLabel.h; sourceTree = "<group>"; };
		369EE2DE19AB2BE100A93160 /* MLEmojiLabel.m */ = {isa = PBXFileReference; fileEncoding = 4; lastKnownFileType = sourcecode.c.objc; path = MLEmojiLabel.m; sourceTree = "<group>"; };
		36C3B63F192B3D7A00B6063D /* Expression_100@2x.png */ = {isa = PBXFileReference; lastKnownFileType = image.png; path = "Expression_100@2x.png"; sourceTree = "<group>"; };
		36C3B640192B3D7A00B6063D /* Expression_101@2x.png */ = {isa = PBXFileReference; lastKnownFileType = image.png; path = "Expression_101@2x.png"; sourceTree = "<group>"; };
		36C3B641192B3D7A00B6063D /* Expression_102@2x.png */ = {isa = PBXFileReference; lastKnownFileType = image.png; path = "Expression_102@2x.png"; sourceTree = "<group>"; };
		36C3B642192B3D7A00B6063D /* Expression_103@2x.png */ = {isa = PBXFileReference; lastKnownFileType = image.png; path = "Expression_103@2x.png"; sourceTree = "<group>"; };
		36C3B643192B3D7A00B6063D /* Expression_104@2x.png */ = {isa = PBXFileReference; lastKnownFileType = image.png; path = "Expression_104@2x.png"; sourceTree = "<group>"; };
		36C3B644192B3D7A00B6063D /* Expression_105@2x.png */ = {isa = PBXFileReference; lastKnownFileType = image.png; path = "Expression_105@2x.png"; sourceTree = "<group>"; };
		36C3B645192B3D7A00B6063D /* Expression_10@2x.png */ = {isa = PBXFileReference; lastKnownFileType = image.png; path = "Expression_10@2x.png"; sourceTree = "<group>"; };
		36C3B646192B3D7A00B6063D /* Expression_11@2x.png */ = {isa = PBXFileReference; lastKnownFileType = image.png; path = "Expression_11@2x.png"; sourceTree = "<group>"; };
		36C3B647192B3D7A00B6063D /* Expression_12@2x.png */ = {isa = PBXFileReference; lastKnownFileType = image.png; path = "Expression_12@2x.png"; sourceTree = "<group>"; };
		36C3B648192B3D7A00B6063D /* Expression_13@2x.png */ = {isa = PBXFileReference; lastKnownFileType = image.png; path = "Expression_13@2x.png"; sourceTree = "<group>"; };
		36C3B649192B3D7A00B6063D /* Expression_14@2x.png */ = {isa = PBXFileReference; lastKnownFileType = image.png; path = "Expression_14@2x.png"; sourceTree = "<group>"; };
		36C3B64A192B3D7A00B6063D /* Expression_15@2x.png */ = {isa = PBXFileReference; lastKnownFileType = image.png; path = "Expression_15@2x.png"; sourceTree = "<group>"; };
		36C3B64B192B3D7A00B6063D /* Expression_16@2x.png */ = {isa = PBXFileReference; lastKnownFileType = image.png; path = "Expression_16@2x.png"; sourceTree = "<group>"; };
		36C3B64C192B3D7A00B6063D /* Expression_17@2x.png */ = {isa = PBXFileReference; lastKnownFileType = image.png; path = "Expression_17@2x.png"; sourceTree = "<group>"; };
		36C3B64D192B3D7A00B6063D /* Expression_18@2x.png */ = {isa = PBXFileReference; lastKnownFileType = image.png; path = "Expression_18@2x.png"; sourceTree = "<group>"; };
		36C3B64E192B3D7A00B6063D /* Expression_19@2x.png */ = {isa = PBXFileReference; lastKnownFileType = image.png; path = "Expression_19@2x.png"; sourceTree = "<group>"; };
		36C3B64F192B3D7A00B6063D /* Expression_1@2x.png */ = {isa = PBXFileReference; lastKnownFileType = image.png; path = "Expression_1@2x.png"; sourceTree = "<group>"; };
		36C3B650192B3D7A00B6063D /* Expression_20@2x.png */ = {isa = PBXFileReference; lastKnownFileType = image.png; path = "Expression_20@2x.png"; sourceTree = "<group>"; };
		36C3B651192B3D7A00B6063D /* Expression_21@2x.png */ = {isa = PBXFileReference; lastKnownFileType = image.png; path = "Expression_21@2x.png"; sourceTree = "<group>"; };
		36C3B652192B3D7A00B6063D /* Expression_22@2x.png */ = {isa = PBXFileReference; lastKnownFileType = image.png; path = "Expression_22@2x.png"; sourceTree = "<group>"; };
		36C3B653192B3D7A00B6063D /* Expression_23@2x.png */ = {isa = PBXFileReference; lastKnownFileType = image.png; path = "Expression_23@2x.png"; sourceTree = "<group>"; };
		36C3B654192B3D7A00B6063D /* Expression_24@2x.png */ = {isa = PBXFileReference; lastKnownFileType = image.png; path = "Expression_24@2x.png"; sourceTree = "<group>"; };
		36C3B655192B3D7A00B6063D /* Expression_25@2x.png */ = {isa = PBXFileReference; lastKnownFileType = image.png; path = "Expression_25@2x.png"; sourceTree = "<group>"; };
		36C3B656192B3D7A00B6063D /* Expression_26@2x.png */ = {isa = PBXFileReference; lastKnownFileType = image.png; path = "Expression_26@2x.png"; sourceTree = "<group>"; };
		36C3B657192B3D7A00B6063D /* Expression_27@2x.png */ = {isa = PBXFileReference; lastKnownFileType = image.png; path = "Expression_27@2x.png"; sourceTree = "<group>"; };
		36C3B658192B3D7A00B6063D /* Expression_28@2x.png */ = {isa = PBXFileReference; lastKnownFileType = image.png; path = "Expression_28@2x.png"; sourceTree = "<group>"; };
		36C3B659192B3D7A00B6063D /* Expression_29@2x.png */ = {isa = PBXFileReference; lastKnownFileType = image.png; path = "Expression_29@2x.png"; sourceTree = "<group>"; };
		36C3B65A192B3D7A00B6063D /* Expression_2@2x.png */ = {isa = PBXFileReference; lastKnownFileType = image.png; path = "Expression_2@2x.png"; sourceTree = "<group>"; };
		36C3B65B192B3D7A00B6063D /* Expression_30@2x.png */ = {isa = PBXFileReference; lastKnownFileType = image.png; path = "Expression_30@2x.png"; sourceTree = "<group>"; };
		36C3B65C192B3D7A00B6063D /* Expression_31@2x.png */ = {isa = PBXFileReference; lastKnownFileType = image.png; path = "Expression_31@2x.png"; sourceTree = "<group>"; };
		36C3B65D192B3D7A00B6063D /* Expression_32@2x.png */ = {isa = PBXFileReference; lastKnownFileType = image.png; path = "Expression_32@2x.png"; sourceTree = "<group>"; };
		36C3B65E192B3D7A00B6063D /* Expression_33@2x.png */ = {isa = PBXFileReference; lastKnownFileType = image.png; path = "Expression_33@2x.png"; sourceTree = "<group>"; };
		36C3B65F192B3D7A00B6063D /* Expression_34@2x.png */ = {isa = PBXFileReference; lastKnownFileType = image.png; path = "Expression_34@2x.png"; sourceTree = "<group>"; };
		36C3B660192B3D7A00B6063D /* Expression_35@2x.png */ = {isa = PBXFileReference; lastKnownFileType = image.png; path = "Expression_35@2x.png"; sourceTree = "<group>"; };
		36C3B661192B3D7A00B6063D /* Expression_36@2x.png */ = {isa = PBXFileReference; lastKnownFileType = image.png; path = "Expression_36@2x.png"; sourceTree = "<group>"; };
		36C3B662192B3D7A00B6063D /* Expression_37@2x.png */ = {isa = PBXFileReference; lastKnownFileType = image.png; path = "Expression_37@2x.png"; sourceTree = "<group>"; };
		36C3B663192B3D7A00B6063D /* Expression_38@2x.png */ = {isa = PBXFileReference; lastKnownFileType = image.png; path = "Expression_38@2x.png"; sourceTree = "<group>"; };
		36C3B664192B3D7A00B6063D /* Expression_39@2x.png */ = {isa = PBXFileReference; lastKnownFileType = image.png; path = "Expression_39@2x.png"; sourceTree = "<group>"; };
		36C3B665192B3D7A00B6063D /* Expression_3@2x.png */ = {isa = PBXFileReference; lastKnownFileType = image.png; path = "Expression_3@2x.png"; sourceTree = "<group>"; };
		36C3B666192B3D7A00B6063D /* Expression_40@2x.png */ = {isa = PBXFileReference; lastKnownFileType = image.png; path = "Expression_40@2x.png"; sourceTree = "<group>"; };
		36C3B667192B3D7A00B6063D /* Expression_41@2x.png */ = {isa = PBXFileReference; lastKnownFileType = image.png; path = "Expression_41@2x.png"; sourceTree = "<group>"; };
		36C3B668192B3D7A00B6063D /* Expression_42@2x.png */ = {isa = PBXFileReference; lastKnownFileType = image.png; path = "Expression_42@2x.png"; sourceTree = "<group>"; };
		36C3B669192B3D7A00B6063D /* Expression_43@2x.png */ = {isa = PBXFileReference; lastKnownFileType = image.png; path = "Expression_43@2x.png"; sourceTree = "<group>"; };
		36C3B66A192B3D7A00B6063D /* Expression_44@2x.png */ = {isa = PBXFileReference; lastKnownFileType = image.png; path = "Expression_44@2x.png"; sourceTree = "<group>"; };
		36C3B66B192B3D7A00B6063D /* Expression_45@2x.png */ = {isa = PBXFileReference; lastKnownFileType = image.png; path = "Expression_45@2x.png"; sourceTree = "<group>"; };
		36C3B66C192B3D7A00B6063D /* Expression_46@2x.png */ = {isa = PBXFileReference; lastKnownFileType = image.png; path = "Expression_46@2x.png"; sourceTree = "<group>"; };
		36C3B66D192B3D7A00B6063D /* Expression_47@2x.png */ = {isa = PBXFileReference; lastKnownFileType = image.png; path = "Expression_47@2x.png"; sourceTree = "<group>"; };
		36C3B66E192B3D7A00B6063D /* Expression_48@2x.png */ = {isa = PBXFileReference; lastKnownFileType = image.png; path = "Expression_48@2x.png"; sourceTree = "<group>"; };
		36C3B66F192B3D7A00B6063D /* Expression_49@2x.png */ = {isa = PBXFileReference; lastKnownFileType = image.png; path = "Expression_49@2x.png"; sourceTree = "<group>"; };
		36C3B670192B3D7A00B6063D /* Expression_4@2x.png */ = {isa = PBXFileReference; lastKnownFileType = image.png; path = "Expression_4@2x.png"; sourceTree = "<group>"; };
		36C3B671192B3D7A00B6063D /* Expression_50@2x.png */ = {isa = PBXFileReference; lastKnownFileType = image.png; path = "Expression_50@2x.png"; sourceTree = "<group>"; };
		36C3B672192B3D7A00B6063D /* Expression_51@2x.png */ = {isa = PBXFileReference; lastKnownFileType = image.png; path = "Expression_51@2x.png"; sourceTree = "<group>"; };
		36C3B673192B3D7A00B6063D /* Expression_52@2x.png */ = {isa = PBXFileReference; lastKnownFileType = image.png; path = "Expression_52@2x.png"; sourceTree = "<group>"; };
		36C3B674192B3D7A00B6063D /* Expression_53@2x.png */ = {isa = PBXFileReference; lastKnownFileType = image.png; path = "Expression_53@2x.png"; sourceTree = "<group>"; };
		36C3B675192B3D7A00B6063D /* Expression_54@2x.png */ = {isa = PBXFileReference; lastKnownFileType = image.png; path = "Expression_54@2x.png"; sourceTree = "<group>"; };
		36C3B676192B3D7A00B6063D /* Expression_55@2x.png */ = {isa = PBXFileReference; lastKnownFileType = image.png; path = "Expression_55@2x.png"; sourceTree = "<group>"; };
		36C3B677192B3D7A00B6063D /* Expression_56@2x.png */ = {isa = PBXFileReference; lastKnownFileType = image.png; path = "Expression_56@2x.png"; sourceTree = "<group>"; };
		36C3B678192B3D7A00B6063D /* Expression_57@2x.png */ = {isa = PBXFileReference; lastKnownFileType = image.png; path = "Expression_57@2x.png"; sourceTree = "<group>"; };
		36C3B679192B3D7A00B6063D /* Expression_58@2x.png */ = {isa = PBXFileReference; lastKnownFileType = image.png; path = "Expression_58@2x.png"; sourceTree = "<group>"; };
		36C3B67A192B3D7A00B6063D /* Expression_59@2x.png */ = {isa = PBXFileReference; lastKnownFileType = image.png; path = "Expression_59@2x.png"; sourceTree = "<group>"; };
		36C3B67B192B3D7A00B6063D /* Expression_5@2x.png */ = {isa = PBXFileReference; lastKnownFileType = image.png; path = "Expression_5@2x.png"; sourceTree = "<group>"; };
		36C3B67C192B3D7A00B6063D /* Expression_60@2x.png */ = {isa = PBXFileReference; lastKnownFileType = image.png; path = "Expression_60@2x.png"; sourceTree = "<group>"; };
		36C3B67D192B3D7A00B6063D /* Expression_61@2x.png */ = {isa = PBXFileReference; lastKnownFileType = image.png; path = "Expression_61@2x.png"; sourceTree = "<group>"; };
		36C3B67E192B3D7A00B6063D /* Expression_62@2x.png */ = {isa = PBXFileReference; lastKnownFileType = image.png; path = "Expression_62@2x.png"; sourceTree = "<group>"; };
		36C3B67F192B3D7A00B6063D /* Expression_63@2x.png */ = {isa = PBXFileReference; lastKnownFileType = image.png; path = "Expression_63@2x.png"; sourceTree = "<group>"; };
		36C3B680192B3D7A00B6063D /* Expression_64@2x.png */ = {isa = PBXFileReference; lastKnownFileType = image.png; path = "Expression_64@2x.png"; sourceTree = "<group>"; };
		36C3B681192B3D7A00B6063D /* Expression_65@2x.png */ = {isa = PBXFileReference; lastKnownFileType = image.png; path = "Expression_65@2x.png"; sourceTree = "<group>"; };
		36C3B682192B3D7A00B6063D /* Expression_66@2x.png */ = {isa = PBXFileReference; lastKnownFileType = image.png; path = "Expression_66@2x.png"; sourceTree = "<group>"; };
		36C3B683192B3D7A00B6063D /* Expression_67@2x.png */ = {isa = PBXFileReference; lastKnownFileType = image.png; path = "Expression_67@2x.png"; sourceTree = "<group>"; };
		36C3B684192B3D7A00B6063D /* Expression_68@2x.png */ = {isa = PBXFileReference; lastKnownFileType = image.png; path = "Expression_68@2x.png"; sourceTree = "<group>"; };
		36C3B685192B3D7A00B6063D /* Expression_69@2x.png */ = {isa = PBXFileReference; lastKnownFileType = image.png; path = "Expression_69@2x.png"; sourceTree = "<group>"; };
		36C3B686192B3D7A00B6063D /* Expression_6@2x.png */ = {isa = PBXFileReference; lastKnownFileType = image.png; path = "Expression_6@2x.png"; sourceTree = "<group>"; };
		36C3B687192B3D7A00B6063D /* Expression_70@2x.png */ = {isa = PBXFileReference; lastKnownFileType = image.png; path = "Expression_70@2x.png"; sourceTree = "<group>"; };
		36C3B688192B3D7A00B6063D /* Expression_71@2x.png */ = {isa = PBXFileReference; lastKnownFileType = image.png; path = "Expression_71@2x.png"; sourceTree = "<group>"; };
		36C3B689192B3D7A00B6063D /* Expression_72@2x.png */ = {isa = PBXFileReference; lastKnownFileType = image.png; path = "Expression_72@2x.png"; sourceTree = "<group>"; };
		36C3B68A192B3D7A00B6063D /* Expression_73@2x.png */ = {isa = PBXFileReference; lastKnownFileType = image.png; path = "Expression_73@2x.png"; sourceTree = "<group>"; };
		36C3B68B192B3D7A00B6063D /* Expression_74@2x.png */ = {isa = PBXFileReference; lastKnownFileType = image.png; path = "Expression_74@2x.png"; sourceTree = "<group>"; };
		36C3B68C192B3D7A00B6063D /* Expression_75@2x.png */ = {isa = PBXFileReference; lastKnownFileType = image.png; path = "Expression_75@2x.png"; sourceTree = "<group>"; };
		36C3B68D192B3D7A00B6063D /* Expression_76@2x.png */ = {isa = PBXFileReference; lastKnownFileType = image.png; path = "Expression_76@2x.png"; sourceTree = "<group>"; };
		36C3B68E192B3D7A00B6063D /* Expression_77@2x.png */ = {isa = PBXFileReference; lastKnownFileType = image.png; path = "Expression_77@2x.png"; sourceTree = "<group>"; };
		36C3B68F192B3D7A00B6063D /* Expression_78@2x.png */ = {isa = PBXFileReference; lastKnownFileType = image.png; path = "Expression_78@2x.png"; sourceTree = "<group>"; };
		36C3B690192B3D7A00B6063D /* Expression_79@2x.png */ = {isa = PBXFileReference; lastKnownFileType = image.png; path = "Expression_79@2x.png"; sourceTree = "<group>"; };
		36C3B691192B3D7A00B6063D /* Expression_7@2x.png */ = {isa = PBXFileReference; lastKnownFileType = image.png; path = "Expression_7@2x.png"; sourceTree = "<group>"; };
		36C3B692192B3D7A00B6063D /* Expression_80@2x.png */ = {isa = PBXFileReference; lastKnownFileType = image.png; path = "Expression_80@2x.png"; sourceTree = "<group>"; };
		36C3B693192B3D7A00B6063D /* Expression_81@2x.png */ = {isa = PBXFileReference; lastKnownFileType = image.png; path = "Expression_81@2x.png"; sourceTree = "<group>"; };
		36C3B694192B3D7A00B6063D /* Expression_82@2x.png */ = {isa = PBXFileReference; lastKnownFileType = image.png; path = "Expression_82@2x.png"; sourceTree = "<group>"; };
		36C3B695192B3D7A00B6063D /* Expression_83@2x.png */ = {isa = PBXFileReference; lastKnownFileType = image.png; path = "Expression_83@2x.png"; sourceTree = "<group>"; };
		36C3B696192B3D7A00B6063D /* Expression_84@2x.png */ = {isa = PBXFileReference; lastKnownFileType = image.png; path = "Expression_84@2x.png"; sourceTree = "<group>"; };
		36C3B697192B3D7A00B6063D /* Expression_85@2x.png */ = {isa = PBXFileReference; lastKnownFileType = image.png; path = "Expression_85@2x.png"; sourceTree = "<group>"; };
		36C3B698192B3D7A00B6063D /* Expression_86@2x.png */ = {isa = PBXFileReference; lastKnownFileType = image.png; path = "Expression_86@2x.png"; sourceTree = "<group>"; };
		36C3B699192B3D7A00B6063D /* Expression_87@2x.png */ = {isa = PBXFileReference; lastKnownFileType = image.png; path = "Expression_87@2x.png"; sourceTree = "<group>"; };
		36C3B69A192B3D7A00B6063D /* Expression_88@2x.png */ = {isa = PBXFileReference; lastKnownFileType = image.png; path = "Expression_88@2x.png"; sourceTree = "<group>"; };
		36C3B69B192B3D7A00B6063D /* Expression_89@2x.png */ = {isa = PBXFileReference; lastKnownFileType = image.png; path = "Expression_89@2x.png"; sourceTree = "<group>"; };
		36C3B69C192B3D7A00B6063D /* Expression_8@2x.png */ = {isa = PBXFileReference; lastKnownFileType = image.png; path = "Expression_8@2x.png"; sourceTree = "<group>"; };
		36C3B69D192B3D7A00B6063D /* Expression_90@2x.png */ = {isa = PBXFileReference; lastKnownFileType = image.png; path = "Expression_90@2x.png"; sourceTree = "<group>"; };
		36C3B69E192B3D7A00B6063D /* Expression_91@2x.png */ = {isa = PBXFileReference; lastKnownFileType = image.png; path = "Expression_91@2x.png"; sourceTree = "<group>"; };
		36C3B69F192B3D7A00B6063D /* Expression_92@2x.png */ = {isa = PBXFileReference; lastKnownFileType = image.png; path = "Expression_92@2x.png"; sourceTree = "<group>"; };
		36C3B6A0192B3D7A00B6063D /* Expression_93@2x.png */ = {isa = PBXFileReference; lastKnownFileType = image.png; path = "Expression_93@2x.png"; sourceTree = "<group>"; };
		36C3B6A1192B3D7A00B6063D /* Expression_94@2x.png */ = {isa = PBXFileReference; lastKnownFileType = image.png; path = "Expression_94@2x.png"; sourceTree = "<group>"; };
		36C3B6A2192B3D7A00B6063D /* Expression_95@2x.png */ = {isa = PBXFileReference; lastKnownFileType = image.png; path = "Expression_95@2x.png"; sourceTree = "<group>"; };
		36C3B6A3192B3D7A00B6063D /* Expression_96@2x.png */ = {isa = PBXFileReference; lastKnownFileType = image.png; path = "Expression_96@2x.png"; sourceTree = "<group>"; };
		36C3B6A4192B3D7A00B6063D /* Expression_97@2x.png */ = {isa = PBXFileReference; lastKnownFileType = image.png; path = "Expression_97@2x.png"; sourceTree = "<group>"; };
		36C3B6A5192B3D7A00B6063D /* Expression_98@2x.png */ = {isa = PBXFileReference; lastKnownFileType = image.png; path = "Expression_98@2x.png"; sourceTree = "<group>"; };
		36C3B6A6192B3D7A00B6063D /* Expression_99@2x.png */ = {isa = PBXFileReference; lastKnownFileType = image.png; path = "Expression_99@2x.png"; sourceTree = "<group>"; };
		36C3B6A7192B3D7A00B6063D /* Expression_9@2x.png */ = {isa = PBXFileReference; lastKnownFileType = image.png; path = "Expression_9@2x.png"; sourceTree = "<group>"; };
		36C3B71F192B424700B6063D /* expressionImage_custom.plist */ = {isa = PBXFileReference; fileEncoding = 4; lastKnownFileType = text.plist.xml; name = expressionImage_custom.plist; path = ../MLEmoji/expressionImage_custom.plist; sourceTree = "<group>"; };
		36C3B7DE192C6CEE00B6063D /* expressionImage.plist */ = {isa = PBXFileReference; fileEncoding = 4; lastKnownFileType = text.plist.xml; path = expressionImage.plist; sourceTree = "<group>"; };
		36C4DBC119790BAA00731042 /* README.md */ = {isa = PBXFileReference; fileEncoding = 4; lastKnownFileType = text; path = README.md; sourceTree = "<group>"; };
		36E2DB301999DBC900F8AF41 /* expression.plist */ = {isa = PBXFileReference; fileEncoding = 4; lastKnownFileType = text.plist.xml; path = expression.plist; sourceTree = "<group>"; };
		36E2DB321999DBCF00F8AF41 /* expression_custom.plist */ = {isa = PBXFileReference; fileEncoding = 4; lastKnownFileType = text.plist.xml; name = expression_custom.plist; path = MLEmoji/expression_custom.plist; sourceTree = SOURCE_ROOT; };
/* End PBXFileReference section */

/* Begin PBXFrameworksBuildPhase section */
		364A89191929B07200BAFB8C /* Frameworks */ = {
			isa = PBXFrameworksBuildPhase;
			buildActionMask = 2147483647;
			files = (
				364A89221929B07200BAFB8C /* CoreGraphics.framework in Frameworks */,
				364A89241929B07200BAFB8C /* UIKit.framework in Frameworks */,
				364A89201929B07200BAFB8C /* Foundation.framework in Frameworks */,
			);
			runOnlyForDeploymentPostprocessing = 0;
		};
		364A893A1929B07200BAFB8C /* Frameworks */ = {
			isa = PBXFrameworksBuildPhase;
			buildActionMask = 2147483647;
			files = (
				364A893F1929B07200BAFB8C /* XCTest.framework in Frameworks */,
				364A89411929B07200BAFB8C /* UIKit.framework in Frameworks */,
				364A89401929B07200BAFB8C /* Foundation.framework in Frameworks */,
			);
			runOnlyForDeploymentPostprocessing = 0;
		};
/* End PBXFrameworksBuildPhase section */

/* Begin PBXGroup section */
		364A89131929B07200BAFB8C = {
			isa = PBXGroup;
			children = (
				3647036E1A384D4000597BC3 /* MLEmojiLabel_Common.jpg */,
				3647036F1A384D4000597BC3 /* MLEmojiLabel_TableView.jpg */,
				36C4DBC119790BAA00731042 /* README.md */,
				364A89251929B07200BAFB8C /* MLEmojiLabel */,
				364A89441929B07200BAFB8C /* MLEmojiLabelTests */,
				364A891E1929B07200BAFB8C /* Frameworks */,
				364A891D1929B07200BAFB8C /* Products */,
			);
			sourceTree = "<group>";
		};
		364A891D1929B07200BAFB8C /* Products */ = {
			isa = PBXGroup;
			children = (
				364A891C1929B07200BAFB8C /* MLEmojiLabel.app */,
				364A893D1929B07200BAFB8C /* MLEmojiLabelTests.xctest */,
			);
			name = Products;
			sourceTree = "<group>";
		};
		364A891E1929B07200BAFB8C /* Frameworks */ = {
			isa = PBXGroup;
			children = (
				364A891F1929B07200BAFB8C /* Foundation.framework */,
				364A89211929B07200BAFB8C /* CoreGraphics.framework */,
				364A89231929B07200BAFB8C /* UIKit.framework */,
				364A893E1929B07200BAFB8C /* XCTest.framework */,
			);
			name = Frameworks;
			sourceTree = "<group>";
		};
		364A89251929B07200BAFB8C /* MLEmojiLabel */ = {
			isa = PBXGroup;
			children = (
				36C3B71F192B424700B6063D /* expressionImage_custom.plist */,
				36E2DB321999DBCF00F8AF41 /* expression_custom.plist */,
				36C3B63D192B3D7A00B6063D /* MLEmoji */,
				369EBEC41929B320008CE3DB /* ReceiverTextNodeBkg_ios7@2x.png */,
				369EBEC51929B320008CE3DB /* ReceiverTextNodeBkgHL_ios7@2x.png */,
				364A892E1929B07200BAFB8C /* AppDelegate.h */,
				364A892F1929B07200BAFB8C /* AppDelegate.m */,
				364A89311929B07200BAFB8C /* Main.storyboard */,
				364A89341929B07200BAFB8C /* ViewController.h */,
				364A89351929B07200BAFB8C /* ViewController.m */,
				364385AD1A369B0D00C220CF /* EmojiTableViewCell.h */,
				364385AE1A369B0D00C220CF /* EmojiTableViewCell.m */,
				364385AF1A369B0D00C220CF /* EmojiTableViewController.h */,
				364385B01A369B0D00C220CF /* EmojiTableViewController.m */,
				364A89371929B07200BAFB8C /* Images.xcassets */,
				364A89261929B07200BAFB8C /* Supporting Files */,
			);
			path = MLEmojiLabel;
			sourceTree = "<group>";
		};
		364A89261929B07200BAFB8C /* Supporting Files */ = {
			isa = PBXGroup;
			children = (
				364A89271929B07200BAFB8C /* MLEmojiLabel-Info.plist */,
				364A89281929B07200BAFB8C /* InfoPlist.strings */,
				364A892B1929B07200BAFB8C /* main.m */,
				364A892D1929B07200BAFB8C /* MLEmojiLabel-Prefix.pch */,
			);
			name = "Supporting Files";
			sourceTree = "<group>";
		};
		364A89441929B07200BAFB8C /* MLEmojiLabelTests */ = {
			isa = PBXGroup;
			children = (
				364A894A1929B07200BAFB8C /* MLEmojiLabelTests.m */,
				364A89451929B07200BAFB8C /* Supporting Files */,
			);
			path = MLEmojiLabelTests;
			sourceTree = "<group>";
		};
		364A89451929B07200BAFB8C /* Supporting Files */ = {
			isa = PBXGroup;
			children = (
				364A89461929B07200BAFB8C /* MLEmojiLabelTests-Info.plist */,
				364A89471929B07200BAFB8C /* InfoPlist.strings */,
			);
			name = "Supporting Files";
			sourceTree = "<group>";
		};
		365FA0981B57B7770094D200 /* TTTAttributedLabel */ = {
			isa = PBXGroup;
			children = (
				365FA0991B57B7770094D200 /* TTTAttributedLabel.h */,
				365FA09A1B57B7770094D200 /* TTTAttributedLabel.m */,
			);
			path = TTTAttributedLabel;
			sourceTree = "<group>";
		};
		36C3B63D192B3D7A00B6063D /* MLEmoji */ = {
			isa = PBXGroup;
			children = (
				365FA0981B57B7770094D200 /* TTTAttributedLabel */,
				369EE2DD19AB2BE100A93160 /* MLEmojiLabel.h */,
				369EE2DE19AB2BE100A93160 /* MLEmojiLabel.m */,
				36C3B63E192B3D7A00B6063D /* Expression */,
				36E2DB301999DBC900F8AF41 /* expression.plist */,
				36C3B7DE192C6CEE00B6063D /* expressionImage.plist */,
			);
			path = MLEmoji;
			sourceTree = SOURCE_ROOT;
		};
		36C3B63E192B3D7A00B6063D /* Expression */ = {
			isa = PBXGroup;
			children = (
				36C3B63F192B3D7A00B6063D /* Expression_100@2x.png */,
				36C3B640192B3D7A00B6063D /* Expression_101@2x.png */,
				36C3B641192B3D7A00B6063D /* Expression_102@2x.png */,
				36C3B642192B3D7A00B6063D /* Expression_103@2x.png */,
				36C3B643192B3D7A00B6063D /* Expression_104@2x.png */,
				36C3B644192B3D7A00B6063D /* Expression_105@2x.png */,
				36C3B645192B3D7A00B6063D /* Expression_10@2x.png */,
				36C3B646192B3D7A00B6063D /* Expression_11@2x.png */,
				36C3B647192B3D7A00B6063D /* Expression_12@2x.png */,
				36C3B648192B3D7A00B6063D /* Expression_13@2x.png */,
				36C3B649192B3D7A00B6063D /* Expression_14@2x.png */,
				36C3B64A192B3D7A00B6063D /* Expression_15@2x.png */,
				36C3B64B192B3D7A00B6063D /* Expression_16@2x.png */,
				36C3B64C192B3D7A00B6063D /* Expression_17@2x.png */,
				36C3B64D192B3D7A00B6063D /* Expression_18@2x.png */,
				36C3B64E192B3D7A00B6063D /* Expression_19@2x.png */,
				36C3B64F192B3D7A00B6063D /* Expression_1@2x.png */,
				36C3B650192B3D7A00B6063D /* Expression_20@2x.png */,
				36C3B651192B3D7A00B6063D /* Expression_21@2x.png */,
				36C3B652192B3D7A00B6063D /* Expression_22@2x.png */,
				36C3B653192B3D7A00B6063D /* Expression_23@2x.png */,
				36C3B654192B3D7A00B6063D /* Expression_24@2x.png */,
				36C3B655192B3D7A00B6063D /* Expression_25@2x.png */,
				36C3B656192B3D7A00B6063D /* Expression_26@2x.png */,
				36C3B657192B3D7A00B6063D /* Expression_27@2x.png */,
				36C3B658192B3D7A00B6063D /* Expression_28@2x.png */,
				36C3B659192B3D7A00B6063D /* Expression_29@2x.png */,
				36C3B65A192B3D7A00B6063D /* Expression_2@2x.png */,
				36C3B65B192B3D7A00B6063D /* Expression_30@2x.png */,
				36C3B65C192B3D7A00B6063D /* Expression_31@2x.png */,
				36C3B65D192B3D7A00B6063D /* Expression_32@2x.png */,
				36C3B65E192B3D7A00B6063D /* Expression_33@2x.png */,
				36C3B65F192B3D7A00B6063D /* Expression_34@2x.png */,
				36C3B660192B3D7A00B6063D /* Expression_35@2x.png */,
				36C3B661192B3D7A00B6063D /* Expression_36@2x.png */,
				36C3B662192B3D7A00B6063D /* Expression_37@2x.png */,
				36C3B663192B3D7A00B6063D /* Expression_38@2x.png */,
				36C3B664192B3D7A00B6063D /* Expression_39@2x.png */,
				36C3B665192B3D7A00B6063D /* Expression_3@2x.png */,
				36C3B666192B3D7A00B6063D /* Expression_40@2x.png */,
				36C3B667192B3D7A00B6063D /* Expression_41@2x.png */,
				36C3B668192B3D7A00B6063D /* Expression_42@2x.png */,
				36C3B669192B3D7A00B6063D /* Expression_43@2x.png */,
				36C3B66A192B3D7A00B6063D /* Expression_44@2x.png */,
				36C3B66B192B3D7A00B6063D /* Expression_45@2x.png */,
				36C3B66C192B3D7A00B6063D /* Expression_46@2x.png */,
				36C3B66D192B3D7A00B6063D /* Expression_47@2x.png */,
				36C3B66E192B3D7A00B6063D /* Expression_48@2x.png */,
				36C3B66F192B3D7A00B6063D /* Expression_49@2x.png */,
				36C3B670192B3D7A00B6063D /* Expression_4@2x.png */,
				36C3B671192B3D7A00B6063D /* Expression_50@2x.png */,
				36C3B672192B3D7A00B6063D /* Expression_51@2x.png */,
				36C3B673192B3D7A00B6063D /* Expression_52@2x.png */,
				36C3B674192B3D7A00B6063D /* Expression_53@2x.png */,
				36C3B675192B3D7A00B6063D /* Expression_54@2x.png */,
				36C3B676192B3D7A00B6063D /* Expression_55@2x.png */,
				36C3B677192B3D7A00B6063D /* Expression_56@2x.png */,
				36C3B678192B3D7A00B6063D /* Expression_57@2x.png */,
				36C3B679192B3D7A00B6063D /* Expression_58@2x.png */,
				36C3B67A192B3D7A00B6063D /* Expression_59@2x.png */,
				36C3B67B192B3D7A00B6063D /* Expression_5@2x.png */,
				36C3B67C192B3D7A00B6063D /* Expression_60@2x.png */,
				36C3B67D192B3D7A00B6063D /* Expression_61@2x.png */,
				36C3B67E192B3D7A00B6063D /* Expression_62@2x.png */,
				36C3B67F192B3D7A00B6063D /* Expression_63@2x.png */,
				36C3B680192B3D7A00B6063D /* Expression_64@2x.png */,
				36C3B681192B3D7A00B6063D /* Expression_65@2x.png */,
				36C3B682192B3D7A00B6063D /* Expression_66@2x.png */,
				36C3B683192B3D7A00B6063D /* Expression_67@2x.png */,
				36C3B684192B3D7A00B6063D /* Expression_68@2x.png */,
				36C3B685192B3D7A00B6063D /* Expression_69@2x.png */,
				36C3B686192B3D7A00B6063D /* Expression_6@2x.png */,
				36C3B687192B3D7A00B6063D /* Expression_70@2x.png */,
				36C3B688192B3D7A00B6063D /* Expression_71@2x.png */,
				36C3B689192B3D7A00B6063D /* Expression_72@2x.png */,
				36C3B68A192B3D7A00B6063D /* Expression_73@2x.png */,
				36C3B68B192B3D7A00B6063D /* Expression_74@2x.png */,
				36C3B68C192B3D7A00B6063D /* Expression_75@2x.png */,
				36C3B68D192B3D7A00B6063D /* Expression_76@2x.png */,
				36C3B68E192B3D7A00B6063D /* Expression_77@2x.png */,
				36C3B68F192B3D7A00B6063D /* Expression_78@2x.png */,
				36C3B690192B3D7A00B6063D /* Expression_79@2x.png */,
				36C3B691192B3D7A00B6063D /* Expression_7@2x.png */,
				36C3B692192B3D7A00B6063D /* Expression_80@2x.png */,
				36C3B693192B3D7A00B6063D /* Expression_81@2x.png */,
				36C3B694192B3D7A00B6063D /* Expression_82@2x.png */,
				36C3B695192B3D7A00B6063D /* Expression_83@2x.png */,
				36C3B696192B3D7A00B6063D /* Expression_84@2x.png */,
				36C3B697192B3D7A00B6063D /* Expression_85@2x.png */,
				36C3B698192B3D7A00B6063D /* Expression_86@2x.png */,
				36C3B699192B3D7A00B6063D /* Expression_87@2x.png */,
				36C3B69A192B3D7A00B6063D /* Expression_88@2x.png */,
				36C3B69B192B3D7A00B6063D /* Expression_89@2x.png */,
				36C3B69C192B3D7A00B6063D /* Expression_8@2x.png */,
				36C3B69D192B3D7A00B6063D /* Expression_90@2x.png */,
				36C3B69E192B3D7A00B6063D /* Expression_91@2x.png */,
				36C3B69F192B3D7A00B6063D /* Expression_92@2x.png */,
				36C3B6A0192B3D7A00B6063D /* Expression_93@2x.png */,
				36C3B6A1192B3D7A00B6063D /* Expression_94@2x.png */,
				36C3B6A2192B3D7A00B6063D /* Expression_95@2x.png */,
				36C3B6A3192B3D7A00B6063D /* Expression_96@2x.png */,
				36C3B6A4192B3D7A00B6063D /* Expression_97@2x.png */,
				36C3B6A5192B3D7A00B6063D /* Expression_98@2x.png */,
				36C3B6A6192B3D7A00B6063D /* Expression_99@2x.png */,
				36C3B6A7192B3D7A00B6063D /* Expression_9@2x.png */,
			);
			path = Expression;
			sourceTree = "<group>";
		};
/* End PBXGroup section */

/* Begin PBXNativeTarget section */
		364A891B1929B07200BAFB8C /* MLEmojiLabel */ = {
			isa = PBXNativeTarget;
			buildConfigurationList = 364A894E1929B07200BAFB8C /* Build configuration list for PBXNativeTarget "MLEmojiLabel" */;
			buildPhases = (
				364A89181929B07200BAFB8C /* Sources */,
				364A89191929B07200BAFB8C /* Frameworks */,
				364A891A1929B07200BAFB8C /* Resources */,
			);
			buildRules = (
			);
			dependencies = (
			);
			name = MLEmojiLabel;
			productName = MLEmojiLabel;
			productReference = 364A891C1929B07200BAFB8C /* MLEmojiLabel.app */;
			productType = "com.apple.product-type.application";
		};
		364A893C1929B07200BAFB8C /* MLEmojiLabelTests */ = {
			isa = PBXNativeTarget;
			buildConfigurationList = 364A89511929B07200BAFB8C /* Build configuration list for PBXNativeTarget "MLEmojiLabelTests" */;
			buildPhases = (
				364A89391929B07200BAFB8C /* Sources */,
				364A893A1929B07200BAFB8C /* Frameworks */,
				364A893B1929B07200BAFB8C /* Resources */,
			);
			buildRules = (
			);
			dependencies = (
				364A89431929B07200BAFB8C /* PBXTargetDependency */,
			);
			name = MLEmojiLabelTests;
			productName = MLEmojiLabelTests;
			productReference = 364A893D1929B07200BAFB8C /* MLEmojiLabelTests.xctest */;
			productType = "com.apple.product-type.bundle.unit-test";
		};
/* End PBXNativeTarget section */

/* Begin PBXProject section */
		364A89141929B07200BAFB8C /* Project object */ = {
			isa = PBXProject;
			attributes = {
				LastUpgradeCheck = 0510;
				ORGANIZATIONNAME = molon;
				TargetAttributes = {
					364A893C1929B07200BAFB8C = {
						TestTargetID = 364A891B1929B07200BAFB8C;
					};
				};
			};
			buildConfigurationList = 364A89171929B07200BAFB8C /* Build configuration list for PBXProject "MLEmojiLabel" */;
			compatibilityVersion = "Xcode 3.2";
			developmentRegion = English;
			hasScannedForEncodings = 0;
			knownRegions = (
				en,
				Base,
			);
			mainGroup = 364A89131929B07200BAFB8C;
			productRefGroup = 364A891D1929B07200BAFB8C /* Products */;
			projectDirPath = "";
			projectRoot = "";
			targets = (
				364A891B1929B07200BAFB8C /* MLEmojiLabel */,
				364A893C1929B07200BAFB8C /* MLEmojiLabelTests */,
			);
		};
/* End PBXProject section */

/* Begin PBXResourcesBuildPhase section */
		364A891A1929B07200BAFB8C /* Resources */ = {
			isa = PBXResourcesBuildPhase;
			buildActionMask = 2147483647;
			files = (
				36C3B6B6192B3D7A00B6063D /* Expression_11@2x.png in Resources */,
				36C3B6E5192B3D7A00B6063D /* Expression_54@2x.png in Resources */,
				36C3B6D7192B3D7A00B6063D /* Expression_41@2x.png in Resources */,
				36C3B6ED192B3D7A00B6063D /* Expression_61@2x.png in Resources */,
				36C3B6FA192B3D7A00B6063D /* Expression_73@2x.png in Resources */,
				36C3B6E8192B3D7A00B6063D /* Expression_57@2x.png in Resources */,
				36C3B6E7192B3D7A00B6063D /* Expression_56@2x.png in Resources */,
				36C3B6EA192B3D7A00B6063D /* Expression_59@2x.png in Resources */,
				36C3B717192B3D7A00B6063D /* Expression_9@2x.png in Resources */,
				36C3B6C4192B3D7A00B6063D /* Expression_24@2x.png in Resources */,
				36C3B6FD192B3D7A00B6063D /* Expression_76@2x.png in Resources */,
				36C3B6DD192B3D7A00B6063D /* Expression_47@2x.png in Resources */,
				36C3B6FF192B3D7A00B6063D /* Expression_78@2x.png in Resources */,
				36C3B6EB192B3D7A00B6063D /* Expression_5@2x.png in Resources */,
				36C3B70A192B3D7A00B6063D /* Expression_88@2x.png in Resources */,
				36C3B6E2192B3D7A00B6063D /* Expression_51@2x.png in Resources */,
				36C3B704192B3D7A00B6063D /* Expression_82@2x.png in Resources */,
				36C3B70E192B3D7A00B6063D /* Expression_91@2x.png in Resources */,
				36C3B709192B3D7A00B6063D /* Expression_87@2x.png in Resources */,
				364703701A384D4000597BC3 /* MLEmojiLabel_Common.jpg in Resources */,
				36C3B6D5192B3D7A00B6063D /* Expression_3@2x.png in Resources */,
				36C3B713192B3D7A00B6063D /* Expression_96@2x.png in Resources */,
				36C3B6E1192B3D7A00B6063D /* Expression_50@2x.png in Resources */,
				36C3B6BD192B3D7A00B6063D /* Expression_18@2x.png in Resources */,
				36C3B6DB192B3D7A00B6063D /* Expression_45@2x.png in Resources */,
				36C3B6C6192B3D7A00B6063D /* Expression_26@2x.png in Resources */,
				36C3B703192B3D7A00B6063D /* Expression_81@2x.png in Resources */,
				36C3B6D0192B3D7A00B6063D /* Expression_35@2x.png in Resources */,
				36C3B6D9192B3D7A00B6063D /* Expression_43@2x.png in Resources */,
				36C3B6C5192B3D7A00B6063D /* Expression_25@2x.png in Resources */,
				36C3B6F8192B3D7A00B6063D /* Expression_71@2x.png in Resources */,
				36C3B6E6192B3D7A00B6063D /* Expression_55@2x.png in Resources */,
				36C3B711192B3D7A00B6063D /* Expression_94@2x.png in Resources */,
				36C3B6BF192B3D7A00B6063D /* Expression_1@2x.png in Resources */,
				36C3B6F4192B3D7A00B6063D /* Expression_68@2x.png in Resources */,
				36C3B6C0192B3D7A00B6063D /* Expression_20@2x.png in Resources */,
				36E2DB311999DBC900F8AF41 /* expression.plist in Resources */,
				36C3B6EE192B3D7A00B6063D /* Expression_62@2x.png in Resources */,
				36C3B6EC192B3D7A00B6063D /* Expression_60@2x.png in Resources */,
				36C3B6F7192B3D7A00B6063D /* Expression_70@2x.png in Resources */,
				36C3B701192B3D7A00B6063D /* Expression_7@2x.png in Resources */,
				36C3B6DE192B3D7A00B6063D /* Expression_48@2x.png in Resources */,
				36C3B6D2192B3D7A00B6063D /* Expression_37@2x.png in Resources */,
				36C3B6DF192B3D7A00B6063D /* Expression_49@2x.png in Resources */,
				36C3B6F1192B3D7A00B6063D /* Expression_65@2x.png in Resources */,
				36C3B714192B3D7A00B6063D /* Expression_97@2x.png in Resources */,
				36C3B706192B3D7A00B6063D /* Expression_84@2x.png in Resources */,
				36C3B6F0192B3D7A00B6063D /* Expression_64@2x.png in Resources */,
				36C3B715192B3D7A00B6063D /* Expression_98@2x.png in Resources */,
				36C3B6E0192B3D7A00B6063D /* Expression_4@2x.png in Resources */,
				36C3B6BA192B3D7A00B6063D /* Expression_15@2x.png in Resources */,
				36C3B6F3192B3D7A00B6063D /* Expression_67@2x.png in Resources */,
				36C3B6B3192B3D7A00B6063D /* Expression_104@2x.png in Resources */,
				36C3B6B5192B3D7A00B6063D /* Expression_10@2x.png in Resources */,
				36C3B7E0192C6CEF00B6063D /* expressionImage.plist in Resources */,
				36C3B705192B3D7A00B6063D /* Expression_83@2x.png in Resources */,
				364A89381929B07200BAFB8C /* Images.xcassets in Resources */,
				36C3B6DA192B3D7A00B6063D /* Expression_44@2x.png in Resources */,
				36C3B70C192B3D7A00B6063D /* Expression_8@2x.png in Resources */,
				36C3B6F2192B3D7A00B6063D /* Expression_66@2x.png in Resources */,
				36E2DB331999DBCF00F8AF41 /* expression_custom.plist in Resources */,
				36C3B6D4192B3D7A00B6063D /* Expression_39@2x.png in Resources */,
				36C3B6E3192B3D7A00B6063D /* Expression_52@2x.png in Resources */,
				36C3B6E4192B3D7A00B6063D /* Expression_53@2x.png in Resources */,
				36C3B6C9192B3D7A00B6063D /* Expression_29@2x.png in Resources */,
				36C3B6B0192B3D7A00B6063D /* Expression_101@2x.png in Resources */,
				36C3B700192B3D7A00B6063D /* Expression_79@2x.png in Resources */,
				36C3B6D8192B3D7A00B6063D /* Expression_42@2x.png in Resources */,
				36C3B6BC192B3D7A00B6063D /* Expression_17@2x.png in Resources */,
				36C3B6B9192B3D7A00B6063D /* Expression_14@2x.png in Resources */,
				369EBEC61929B320008CE3DB /* ReceiverTextNodeBkg_ios7@2x.png in Resources */,
				36C3B6CA192B3D7A00B6063D /* Expression_2@2x.png in Resources */,
				36C3B70B192B3D7A00B6063D /* Expression_89@2x.png in Resources */,
				364A892A1929B07200BAFB8C /* InfoPlist.strings in Resources */,
				36C3B6C8192B3D7A00B6063D /* Expression_28@2x.png in Resources */,
				36C3B6B8192B3D7A00B6063D /* Expression_13@2x.png in Resources */,
				36C3B6BE192B3D7A00B6063D /* Expression_19@2x.png in Resources */,
				36C3B708192B3D7A00B6063D /* Expression_86@2x.png in Resources */,
				36C3B6C3192B3D7A00B6063D /* Expression_23@2x.png in Resources */,
				36C3B6B7192B3D7A00B6063D /* Expression_12@2x.png in Resources */,
				36C3B6CF192B3D7A00B6063D /* Expression_34@2x.png in Resources */,
				36C3B6E9192B3D7A00B6063D /* Expression_58@2x.png in Resources */,
				36C3B6B1192B3D7A00B6063D /* Expression_102@2x.png in Resources */,
				364A89331929B07200BAFB8C /* Main.storyboard in Resources */,
				36C3B6CD192B3D7A00B6063D /* Expression_32@2x.png in Resources */,
				36C3B6B4192B3D7A00B6063D /* Expression_105@2x.png in Resources */,
				36C3B6F6192B3D7A00B6063D /* Expression_6@2x.png in Resources */,
				36C3B6C1192B3D7A00B6063D /* Expression_21@2x.png in Resources */,
				36C3B70F192B3D7A00B6063D /* Expression_92@2x.png in Resources */,
				36C3B6B2192B3D7A00B6063D /* Expression_103@2x.png in Resources */,
				36C3B6FE192B3D7A00B6063D /* Expression_77@2x.png in Resources */,
				36C3B6EF192B3D7A00B6063D /* Expression_63@2x.png in Resources */,
				36C3B6FB192B3D7A00B6063D /* Expression_74@2x.png in Resources */,
				36C3B6FC192B3D7A00B6063D /* Expression_75@2x.png in Resources */,
				36C3B6F5192B3D7A00B6063D /* Expression_69@2x.png in Resources */,
				36C3B6BB192B3D7A00B6063D /* Expression_16@2x.png in Resources */,
				36C3B70D192B3D7A00B6063D /* Expression_90@2x.png in Resources */,
				36C3B6CB192B3D7A00B6063D /* Expression_30@2x.png in Resources */,
				36C3B6D1192B3D7A00B6063D /* Expression_36@2x.png in Resources */,
				364703711A384D4000597BC3 /* MLEmojiLabel_TableView.jpg in Resources */,
				36C3B6DC192B3D7A00B6063D /* Expression_46@2x.png in Resources */,
				36C3B707192B3D7A00B6063D /* Expression_85@2x.png in Resources */,
				36C3B721192B424700B6063D /* expressionImage_custom.plist in Resources */,
				36C3B6CE192B3D7A00B6063D /* Expression_33@2x.png in Resources */,
				36C3B6AF192B3D7A00B6063D /* Expression_100@2x.png in Resources */,
				36C3B6F9192B3D7A00B6063D /* Expression_72@2x.png in Resources */,
				36C3B710192B3D7A00B6063D /* Expression_93@2x.png in Resources */,
				36C3B716192B3D7A00B6063D /* Expression_99@2x.png in Resources */,
				36C3B702192B3D7A00B6063D /* Expression_80@2x.png in Resources */,
				36C3B6C7192B3D7A00B6063D /* Expression_27@2x.png in Resources */,
				36C3B712192B3D7A00B6063D /* Expression_95@2x.png in Resources */,
				36C4DBC319790BAA00731042 /* README.md in Resources */,
				36C3B6D6192B3D7A00B6063D /* Expression_40@2x.png in Resources */,
				36C3B6C2192B3D7A00B6063D /* Expression_22@2x.png in Resources */,
				36C3B6D3192B3D7A00B6063D /* Expression_38@2x.png in Resources */,
				369EBEC71929B320008CE3DB /* ReceiverTextNodeBkgHL_ios7@2x.png in Resources */,
				36C3B6CC192B3D7A00B6063D /* Expression_31@2x.png in Resources */,
			);
			runOnlyForDeploymentPostprocessing = 0;
		};
		364A893B1929B07200BAFB8C /* Resources */ = {
			isa = PBXResourcesBuildPhase;
			buildActionMask = 2147483647;
			files = (
				364A89491929B07200BAFB8C /* InfoPlist.strings in Resources */,
			);
			runOnlyForDeploymentPostprocessing = 0;
		};
/* End PBXResourcesBuildPhase section */

/* Begin PBXSourcesBuildPhase section */
		364A89181929B07200BAFB8C /* Sources */ = {
			isa = PBXSourcesBuildPhase;
			buildActionMask = 2147483647;
			files = (
				364A89361929B07200BAFB8C /* ViewController.m in Sources */,
				364385B21A369B0E00C220CF /* EmojiTableViewController.m in Sources */,
				364A89301929B07200BAFB8C /* AppDelegate.m in Sources */,
				365FA09B1B57B7770094D200 /* TTTAttributedLabel.m in Sources */,
				369EE2DF19AB2BE100A93160 /* MLEmojiLabel.m in Sources */,
				364A892C1929B07200BAFB8C /* main.m in Sources */,
				364385B11A369B0E00C220CF /* EmojiTableViewCell.m in Sources */,
			);
			runOnlyForDeploymentPostprocessing = 0;
		};
		364A89391929B07200BAFB8C /* Sources */ = {
			isa = PBXSourcesBuildPhase;
			buildActionMask = 2147483647;
			files = (
				364A894B1929B07200BAFB8C /* MLEmojiLabelTests.m in Sources */,
			);
			runOnlyForDeploymentPostprocessing = 0;
		};
/* End PBXSourcesBuildPhase section */

/* Begin PBXTargetDependency section */
		364A89431929B07200BAFB8C /* PBXTargetDependency */ = {
			isa = PBXTargetDependency;
			target = 364A891B1929B07200BAFB8C /* MLEmojiLabel */;
			targetProxy = 364A89421929B07200BAFB8C /* PBXContainerItemProxy */;
		};
/* End PBXTargetDependency section */

/* Begin PBXVariantGroup section */
		364A89281929B07200BAFB8C /* InfoPlist.strings */ = {
			isa = PBXVariantGroup;
			children = (
				364A89291929B07200BAFB8C /* en */,
			);
			name = InfoPlist.strings;
			sourceTree = "<group>";
		};
		364A89311929B07200BAFB8C /* Main.storyboard */ = {
			isa = PBXVariantGroup;
			children = (
				364A89321929B07200BAFB8C /* Base */,
			);
			name = Main.storyboard;
			sourceTree = "<group>";
		};
		364A89471929B07200BAFB8C /* InfoPlist.strings */ = {
			isa = PBXVariantGroup;
			children = (
				364A89481929B07200BAFB8C /* en */,
			);
			name = InfoPlist.strings;
			sourceTree = "<group>";
		};
/* End PBXVariantGroup section */

/* Begin XCBuildConfiguration section */
		364A894C1929B07200BAFB8C /* Debug */ = {
			isa = XCBuildConfiguration;
			buildSettings = {
				ALWAYS_SEARCH_USER_PATHS = NO;
				CLANG_CXX_LANGUAGE_STANDARD = "gnu++0x";
				CLANG_CXX_LIBRARY = "libc++";
				CLANG_ENABLE_MODULES = YES;
				CLANG_ENABLE_OBJC_ARC = YES;
				CLANG_WARN_BOOL_CONVERSION = YES;
				CLANG_WARN_CONSTANT_CONVERSION = YES;
				CLANG_WARN_DIRECT_OBJC_ISA_USAGE = YES_ERROR;
				CLANG_WARN_EMPTY_BODY = YES;
				CLANG_WARN_ENUM_CONVERSION = YES;
				CLANG_WARN_INT_CONVERSION = YES;
				CLANG_WARN_OBJC_ROOT_CLASS = YES_ERROR;
				CLANG_WARN__DUPLICATE_METHOD_MATCH = YES;
				"CODE_SIGN_IDENTITY[sdk=iphoneos*]" = "iPhone Developer";
				COPY_PHASE_STRIP = NO;
				GCC_C_LANGUAGE_STANDARD = gnu99;
				GCC_DYNAMIC_NO_PIC = NO;
				GCC_OPTIMIZATION_LEVEL = 0;
				GCC_PREPROCESSOR_DEFINITIONS = (
					"DEBUG=1",
					"$(inherited)",
				);
				GCC_SYMBOLS_PRIVATE_EXTERN = NO;
				GCC_WARN_64_TO_32_BIT_CONVERSION = YES;
				GCC_WARN_ABOUT_RETURN_TYPE = YES_ERROR;
				GCC_WARN_UNDECLARED_SELECTOR = YES;
				GCC_WARN_UNINITIALIZED_AUTOS = YES_AGGRESSIVE;
				GCC_WARN_UNUSED_FUNCTION = YES;
				GCC_WARN_UNUSED_VARIABLE = YES;
				IPHONEOS_DEPLOYMENT_TARGET = 7.1;
				ONLY_ACTIVE_ARCH = YES;
				SDKROOT = iphoneos;
			};
			name = Debug;
		};
		364A894D1929B07200BAFB8C /* Release */ = {
			isa = XCBuildConfiguration;
			buildSettings = {
				ALWAYS_SEARCH_USER_PATHS = NO;
				CLANG_CXX_LANGUAGE_STANDARD = "gnu++0x";
				CLANG_CXX_LIBRARY = "libc++";
				CLANG_ENABLE_MODULES = YES;
				CLANG_ENABLE_OBJC_ARC = YES;
				CLANG_WARN_BOOL_CONVERSION = YES;
				CLANG_WARN_CONSTANT_CONVERSION = YES;
				CLANG_WARN_DIRECT_OBJC_ISA_USAGE = YES_ERROR;
				CLANG_WARN_EMPTY_BODY = YES;
				CLANG_WARN_ENUM_CONVERSION = YES;
				CLANG_WARN_INT_CONVERSION = YES;
				CLANG_WARN_OBJC_ROOT_CLASS = YES_ERROR;
				CLANG_WARN__DUPLICATE_METHOD_MATCH = YES;
				"CODE_SIGN_IDENTITY[sdk=iphoneos*]" = "iPhone Developer";
				COPY_PHASE_STRIP = YES;
				ENABLE_NS_ASSERTIONS = NO;
				GCC_C_LANGUAGE_STANDARD = gnu99;
				GCC_WARN_64_TO_32_BIT_CONVERSION = YES;
				GCC_WARN_ABOUT_RETURN_TYPE = YES_ERROR;
				GCC_WARN_UNDECLARED_SELECTOR = YES;
				GCC_WARN_UNINITIALIZED_AUTOS = YES_AGGRESSIVE;
				GCC_WARN_UNUSED_FUNCTION = YES;
				GCC_WARN_UNUSED_VARIABLE = YES;
				IPHONEOS_DEPLOYMENT_TARGET = 7.1;
				SDKROOT = iphoneos;
				VALIDATE_PRODUCT = YES;
			};
			name = Release;
		};
		364A894F1929B07200BAFB8C /* Debug */ = {
			isa = XCBuildConfiguration;
			buildSettings = {
				ASSETCATALOG_COMPILER_APPICON_NAME = AppIcon;
				ASSETCATALOG_COMPILER_LAUNCHIMAGE_NAME = LaunchImage;
				GCC_PRECOMPILE_PREFIX_HEADER = YES;
				GCC_PREFIX_HEADER = "MLEmojiLabel/MLEmojiLabel-Prefix.pch";
				INFOPLIST_FILE = "MLEmojiLabel/MLEmojiLabel-Info.plist";
				PRODUCT_NAME = "$(TARGET_NAME)";
				WRAPPER_EXTENSION = app;
			};
			name = Debug;
		};
		364A89501929B07200BAFB8C /* Release */ = {
			isa = XCBuildConfiguration;
			buildSettings = {
				ASSETCATALOG_COMPILER_APPICON_NAME = AppIcon;
				ASSETCATALOG_COMPILER_LAUNCHIMAGE_NAME = LaunchImage;
				GCC_PRECOMPILE_PREFIX_HEADER = YES;
				GCC_PREFIX_HEADER = "MLEmojiLabel/MLEmojiLabel-Prefix.pch";
				INFOPLIST_FILE = "MLEmojiLabel/MLEmojiLabel-Info.plist";
				PRODUCT_NAME = "$(TARGET_NAME)";
				WRAPPER_EXTENSION = app;
			};
			name = Release;
		};
		364A89521929B07200BAFB8C /* Debug */ = {
			isa = XCBuildConfiguration;
			buildSettings = {
				BUNDLE_LOADER = "$(BUILT_PRODUCTS_DIR)/MLEmojiLabel.app/MLEmojiLabel";
				FRAMEWORK_SEARCH_PATHS = (
					"$(SDKROOT)/Developer/Library/Frameworks",
					"$(inherited)",
					"$(DEVELOPER_FRAMEWORKS_DIR)",
				);
				GCC_PRECOMPILE_PREFIX_HEADER = YES;
				GCC_PREFIX_HEADER = "MLEmojiLabel/MLEmojiLabel-Prefix.pch";
				GCC_PREPROCESSOR_DEFINITIONS = (
					"DEBUG=1",
					"$(inherited)",
				);
				INFOPLIST_FILE = "MLEmojiLabelTests/MLEmojiLabelTests-Info.plist";
				PRODUCT_NAME = "$(TARGET_NAME)";
				TEST_HOST = "$(BUNDLE_LOADER)";
				WRAPPER_EXTENSION = xctest;
			};
			name = Debug;
		};
		364A89531929B07200BAFB8C /* Release */ = {
			isa = XCBuildConfiguration;
			buildSettings = {
				BUNDLE_LOADER = "$(BUILT_PRODUCTS_DIR)/MLEmojiLabel.app/MLEmojiLabel";
				FRAMEWORK_SEARCH_PATHS = (
					"$(SDKROOT)/Developer/Library/Frameworks",
					"$(inherited)",
					"$(DEVELOPER_FRAMEWORKS_DIR)",
				);
				GCC_PRECOMPILE_PREFIX_HEADER = YES;
				GCC_PREFIX_HEADER = "MLEmojiLabel/MLEmojiLabel-Prefix.pch";
				INFOPLIST_FILE = "MLEmojiLabelTests/MLEmojiLabelTests-Info.plist";
				PRODUCT_NAME = "$(TARGET_NAME)";
				TEST_HOST = "$(BUNDLE_LOADER)";
				WRAPPER_EXTENSION = xctest;
			};
			name = Release;
		};
/* End XCBuildConfiguration section */

/* Begin XCConfigurationList section */
		364A89171929B07200BAFB8C /* Build configuration list for PBXProject "MLEmojiLabel" */ = {
			isa = XCConfigurationList;
			buildConfigurations = (
				364A894C1929B07200BAFB8C /* Debug */,
				364A894D1929B07200BAFB8C /* Release */,
			);
			defaultConfigurationIsVisible = 0;
			defaultConfigurationName = Release;
		};
		364A894E1929B07200BAFB8C /* Build configuration list for PBXNativeTarget "MLEmojiLabel" */ = {
			isa = XCConfigurationList;
			buildConfigurations = (
				364A894F1929B07200BAFB8C /* Debug */,
				364A89501929B07200BAFB8C /* Release */,
			);
			defaultConfigurationIsVisible = 0;
			defaultConfigurationName = Release;
		};
		364A89511929B07200BAFB8C /* Build configuration list for PBXNativeTarget "MLEmojiLabelTests" */ = {
			isa = XCConfigurationList;
			buildConfigurations = (
				364A89521929B07200BAFB8C /* Debug */,
				364A89531929B07200BAFB8C /* Release */,
			);
			defaultConfigurationIsVisible = 0;
			defaultConfigurationName = Release;
		};
/* End XCConfigurationList section */
	};
	rootObject = 364A89141929B07200BAFB8C /* Project object */;
}
