// !$*UTF8*$!
{
	archiveVersion = 1;
	classes = {
	};
	objectVersion = 46;
	objects = {

/* Begin PBXBuildFile section */
		364A89201929B07200BAFB8C /* Foundation.framework in Frameworks */ = {isa = PBXBuildFile; fileRef = 364A891F1929B07200BAFB8C /* Foundation.framework */; };
		364A89221929B07200BAFB8C /* CoreGraphics.framework in Frameworks */ = {isa = PBXBuildFile; fileRef = 364A89211929B07200BAFB8C /* CoreGraphics.framework */; };
		364A89241929B07200BAFB8C /* UIKit.framework in Frameworks */ = {isa = PBXBuildFile; fileRef = 364A89231929B07200BAFB8C /* UIKit.framework */; };
		364A892A1929B07200BAFB8C /* InfoPlist.strings in Resources */ = {isa = PBXBuildFile; fileRef = 364A89281929B07200BAFB8C /* InfoPlist.strings */; };
		364A892C1929B07200BAFB8C /* main.m in Sources */ = {isa = PBXBuildFile; fileRef = 364A892B1929B07200BAFB8C /* main.m */; };
		364A89301929B07200BAFB8C /* AppDelegate.m in Sources */ = {isa = PBXBuildFile; fileRef = 364A892F1929B07200BAFB8C /* AppDelegate.m */; };
		364A89331929B07200BAFB8C /* Main.storyboard in Resources */ = {isa = PBXBuildFile; fileRef = 364A89311929B07200BAFB8C /* Main.storyboard */; };
		364A89361929B07200BAFB8C /* ViewController.m in Sources */ = {isa = PBXBuildFile; fileRef = 364A89351929B07200BAFB8C /* ViewController.m */; };
		364A89381929B07200BAFB8C /* Images.xcassets in Resources */ = {isa = PBXBuildFile; fileRef = 364A89371929B07200BAFB8C /* Images.xcassets */; };
		364A893F1929B07200BAFB8C /* XCTest.framework in Frameworks */ = {isa = PBXBuildFile; fileRef = 364A893E1929B07200BAFB8C /* XCTest.framework */; };
		364A89401929B07200BAFB8C /* Foundation.framework in Frameworks */ = {isa = PBXBuildFile; fileRef = 364A891F1929B07200BAFB8C /* Foundation.framework */; };
		364A89411929B07200BAFB8C /* UIKit.framework in Frameworks */ = {isa = PBXBuildFile; fileRef = 364A89231929B07200BAFB8C /* UIKit.framework */; };
		364A89491929B07200BAFB8C /* InfoPlist.strings in Resources */ = {isa = PBXBuildFile; fileRef = 364A89471929B07200BAFB8C /* InfoPlist.strings */; };
		364A894B1929B07200BAFB8C /* MLEmojiLabelTests.m in Sources */ = {isa = PBXBuildFile; fileRef = 364A894A1929B07200BAFB8C /* MLEmojiLabelTests.m */; };
		364A89571929B08200BAFB8C /* TTTAttributedLabel.m in Sources */ = {isa = PBXBuildFile; fileRef = 364A89561929B08100BAFB8C /* TTTAttributedLabel.m */; };
		364A895A1929B09400BAFB8C /* MLEmojiLabel.m in Sources */ = {isa = PBXBuildFile; fileRef = 364A89591929B09400BAFB8C /* MLEmojiLabel.m */; };
		364F0726192B1B6A008472D9 /* emotion.plist in Resources */ = {isa = PBXBuildFile; fileRef = 364F06BC192B1B6A008472D9 /* emotion.plist */; };
		364F0727192B1B6A008472D9 /* emotionImage.plist in Resources */ = {isa = PBXBuildFile; fileRef = 364F06BD192B1B6A008472D9 /* emotionImage.plist */; };
		364F0728192B1B6A008472D9 /* face1.png in Resources */ = {isa = PBXBuildFile; fileRef = 364F06BF192B1B6A008472D9 /* face1.png */; };
		364F0729192B1B6A008472D9 /* face10.png in Resources */ = {isa = PBXBuildFile; fileRef = 364F06C0192B1B6A008472D9 /* face10.png */; };
		364F072A192B1B6A008472D9 /* face100.gif in Resources */ = {isa = PBXBuildFile; fileRef = 364F06C1192B1B6A008472D9 /* face100.gif */; };
		364F072B192B1B6A008472D9 /* face101.png in Resources */ = {isa = PBXBuildFile; fileRef = 364F06C2192B1B6A008472D9 /* face101.png */; };
		364F072C192B1B6A008472D9 /* face102.png in Resources */ = {isa = PBXBuildFile; fileRef = 364F06C3192B1B6A008472D9 /* face102.png */; };
		364F072D192B1B6A008472D9 /* face103.png in Resources */ = {isa = PBXBuildFile; fileRef = 364F06C4192B1B6A008472D9 /* face103.png */; };
		364F072E192B1B6A008472D9 /* face11.png in Resources */ = {isa = PBXBuildFile; fileRef = 364F06C5192B1B6A008472D9 /* face11.png */; };
		364F072F192B1B6A008472D9 /* face12.png in Resources */ = {isa = PBXBuildFile; fileRef = 364F06C6192B1B6A008472D9 /* face12.png */; };
		364F0730192B1B6A008472D9 /* face13.png in Resources */ = {isa = PBXBuildFile; fileRef = 364F06C7192B1B6A008472D9 /* face13.png */; };
		364F0731192B1B6A008472D9 /* face14.png in Resources */ = {isa = PBXBuildFile; fileRef = 364F06C8192B1B6A008472D9 /* face14.png */; };
		364F0732192B1B6A008472D9 /* face15.png in Resources */ = {isa = PBXBuildFile; fileRef = 364F06C9192B1B6A008472D9 /* face15.png */; };
		364F0733192B1B6A008472D9 /* face16.png in Resources */ = {isa = PBXBuildFile; fileRef = 364F06CA192B1B6A008472D9 /* face16.png */; };
		364F0734192B1B6A008472D9 /* face17.png in Resources */ = {isa = PBXBuildFile; fileRef = 364F06CB192B1B6A008472D9 /* face17.png */; };
		364F0735192B1B6A008472D9 /* face18.png in Resources */ = {isa = PBXBuildFile; fileRef = 364F06CC192B1B6A008472D9 /* face18.png */; };
		364F0736192B1B6A008472D9 /* face19.png in Resources */ = {isa = PBXBuildFile; fileRef = 364F06CD192B1B6A008472D9 /* face19.png */; };
		364F0737192B1B6A008472D9 /* face2.png in Resources */ = {isa = PBXBuildFile; fileRef = 364F06CE192B1B6A008472D9 /* face2.png */; };
		364F0738192B1B6A008472D9 /* face20.png in Resources */ = {isa = PBXBuildFile; fileRef = 364F06CF192B1B6A008472D9 /* face20.png */; };
		364F0739192B1B6A008472D9 /* face21.png in Resources */ = {isa = PBXBuildFile; fileRef = 364F06D0192B1B6A008472D9 /* face21.png */; };
		364F073A192B1B6A008472D9 /* face22.png in Resources */ = {isa = PBXBuildFile; fileRef = 364F06D1192B1B6A008472D9 /* face22.png */; };
		364F073B192B1B6A008472D9 /* face23.png in Resources */ = {isa = PBXBuildFile; fileRef = 364F06D2192B1B6A008472D9 /* face23.png */; };
		364F073C192B1B6A008472D9 /* face24.png in Resources */ = {isa = PBXBuildFile; fileRef = 364F06D3192B1B6A008472D9 /* face24.png */; };
		364F073D192B1B6A008472D9 /* face25.png in Resources */ = {isa = PBXBuildFile; fileRef = 364F06D4192B1B6A008472D9 /* face25.png */; };
		364F073E192B1B6A008472D9 /* face26.png in Resources */ = {isa = PBXBuildFile; fileRef = 364F06D5192B1B6A008472D9 /* face26.png */; };
		364F073F192B1B6A008472D9 /* face27.png in Resources */ = {isa = PBXBuildFile; fileRef = 364F06D6192B1B6A008472D9 /* face27.png */; };
		364F0740192B1B6A008472D9 /* face28.png in Resources */ = {isa = PBXBuildFile; fileRef = 364F06D7192B1B6A008472D9 /* face28.png */; };
		364F0741192B1B6A008472D9 /* face29.png in Resources */ = {isa = PBXBuildFile; fileRef = 364F06D8192B1B6A008472D9 /* face29.png */; };
		364F0742192B1B6A008472D9 /* face3.png in Resources */ = {isa = PBXBuildFile; fileRef = 364F06D9192B1B6A008472D9 /* face3.png */; };
		364F0743192B1B6A008472D9 /* face30.png in Resources */ = {isa = PBXBuildFile; fileRef = 364F06DA192B1B6A008472D9 /* face30.png */; };
		364F0744192B1B6A008472D9 /* face31.png in Resources */ = {isa = PBXBuildFile; fileRef = 364F06DB192B1B6A008472D9 /* face31.png */; };
		364F0745192B1B6A008472D9 /* face32.png in Resources */ = {isa = PBXBuildFile; fileRef = 364F06DC192B1B6A008472D9 /* face32.png */; };
		364F0746192B1B6A008472D9 /* face33.gif in Resources */ = {isa = PBXBuildFile; fileRef = 364F06DD192B1B6A008472D9 /* face33.gif */; };
		364F0747192B1B6A008472D9 /* face34.png in Resources */ = {isa = PBXBuildFile; fileRef = 364F06DE192B1B6A008472D9 /* face34.png */; };
		364F0748192B1B6A008472D9 /* face35.png in Resources */ = {isa = PBXBuildFile; fileRef = 364F06DF192B1B6A008472D9 /* face35.png */; };
		364F0749192B1B6A008472D9 /* face36.png in Resources */ = {isa = PBXBuildFile; fileRef = 364F06E0192B1B6A008472D9 /* face36.png */; };
		364F074A192B1B6A008472D9 /* face37.png in Resources */ = {isa = PBXBuildFile; fileRef = 364F06E1192B1B6A008472D9 /* face37.png */; };
		364F074B192B1B6A008472D9 /* face38.png in Resources */ = {isa = PBXBuildFile; fileRef = 364F06E2192B1B6A008472D9 /* face38.png */; };
		364F074C192B1B6A008472D9 /* face39.gif in Resources */ = {isa = PBXBuildFile; fileRef = 364F06E3192B1B6A008472D9 /* face39.gif */; };
		364F074D192B1B6A008472D9 /* face4.png in Resources */ = {isa = PBXBuildFile; fileRef = 364F06E4192B1B6A008472D9 /* face4.png */; };
		364F074E192B1B6A008472D9 /* face40.png in Resources */ = {isa = PBXBuildFile; fileRef = 364F06E5192B1B6A008472D9 /* face40.png */; };
		364F074F192B1B6A008472D9 /* face41.png in Resources */ = {isa = PBXBuildFile; fileRef = 364F06E6192B1B6A008472D9 /* face41.png */; };
		364F0750192B1B6A008472D9 /* face42.png in Resources */ = {isa = PBXBuildFile; fileRef = 364F06E7192B1B6A008472D9 /* face42.png */; };
		364F0751192B1B6A008472D9 /* face43.png in Resources */ = {isa = PBXBuildFile; fileRef = 364F06E8192B1B6A008472D9 /* face43.png */; };
		364F0752192B1B6A008472D9 /* face44.png in Resources */ = {isa = PBXBuildFile; fileRef = 364F06E9192B1B6A008472D9 /* face44.png */; };
		364F0753192B1B6A008472D9 /* face45.png in Resources */ = {isa = PBXBuildFile; fileRef = 364F06EA192B1B6A008472D9 /* face45.png */; };
		364F0754192B1B6A008472D9 /* face46.png in Resources */ = {isa = PBXBuildFile; fileRef = 364F06EB192B1B6A008472D9 /* face46.png */; };
		364F0755192B1B6A008472D9 /* face47.png in Resources */ = {isa = PBXBuildFile; fileRef = 364F06EC192B1B6A008472D9 /* face47.png */; };
		364F0756192B1B6A008472D9 /* face48.png in Resources */ = {isa = PBXBuildFile; fileRef = 364F06ED192B1B6A008472D9 /* face48.png */; };
		364F0757192B1B6A008472D9 /* face49.png in Resources */ = {isa = PBXBuildFile; fileRef = 364F06EE192B1B6A008472D9 /* face49.png */; };
		364F0758192B1B6A008472D9 /* face5.png in Resources */ = {isa = PBXBuildFile; fileRef = 364F06EF192B1B6A008472D9 /* face5.png */; };
		364F0759192B1B6A008472D9 /* face50.png in Resources */ = {isa = PBXBuildFile; fileRef = 364F06F0192B1B6A008472D9 /* face50.png */; };
		364F075A192B1B6A008472D9 /* face51.png in Resources */ = {isa = PBXBuildFile; fileRef = 364F06F1192B1B6A008472D9 /* face51.png */; };
		364F075B192B1B6A008472D9 /* face52.png in Resources */ = {isa = PBXBuildFile; fileRef = 364F06F2192B1B6A008472D9 /* face52.png */; };
		364F075C192B1B6A008472D9 /* face53.png in Resources */ = {isa = PBXBuildFile; fileRef = 364F06F3192B1B6A008472D9 /* face53.png */; };
		364F075D192B1B6A008472D9 /* face54.png in Resources */ = {isa = PBXBuildFile; fileRef = 364F06F4192B1B6A008472D9 /* face54.png */; };
		364F075E192B1B6A008472D9 /* face55.gif in Resources */ = {isa = PBXBuildFile; fileRef = 364F06F5192B1B6A008472D9 /* face55.gif */; };
		364F075F192B1B6A008472D9 /* face56.png in Resources */ = {isa = PBXBuildFile; fileRef = 364F06F6192B1B6A008472D9 /* face56.png */; };
		364F0760192B1B6A008472D9 /* face57.png in Resources */ = {isa = PBXBuildFile; fileRef = 364F06F7192B1B6A008472D9 /* face57.png */; };
		364F0761192B1B6A008472D9 /* face58.png in Resources */ = {isa = PBXBuildFile; fileRef = 364F06F8192B1B6A008472D9 /* face58.png */; };
		364F0762192B1B6A008472D9 /* face59.png in Resources */ = {isa = PBXBuildFile; fileRef = 364F06F9192B1B6A008472D9 /* face59.png */; };
		364F0763192B1B6A008472D9 /* face6.png in Resources */ = {isa = PBXBuildFile; fileRef = 364F06FA192B1B6A008472D9 /* face6.png */; };
		364F0764192B1B6A008472D9 /* face60.png in Resources */ = {isa = PBXBuildFile; fileRef = 364F06FB192B1B6A008472D9 /* face60.png */; };
		364F0765192B1B6A008472D9 /* face61.gif in Resources */ = {isa = PBXBuildFile; fileRef = 364F06FC192B1B6A008472D9 /* face61.gif */; };
		364F0766192B1B6A008472D9 /* face62.gif in Resources */ = {isa = PBXBuildFile; fileRef = 364F06FD192B1B6A008472D9 /* face62.gif */; };
		364F0767192B1B6A008472D9 /* face63.gif in Resources */ = {isa = PBXBuildFile; fileRef = 364F06FE192B1B6A008472D9 /* face63.gif */; };
		364F0768192B1B6A008472D9 /* face64.gif in Resources */ = {isa = PBXBuildFile; fileRef = 364F06FF192B1B6A008472D9 /* face64.gif */; };
		364F0769192B1B6A008472D9 /* face65.png in Resources */ = {isa = PBXBuildFile; fileRef = 364F0700192B1B6A008472D9 /* face65.png */; };
		364F076A192B1B6A008472D9 /* face66.png in Resources */ = {isa = PBXBuildFile; fileRef = 364F0701192B1B6A008472D9 /* face66.png */; };
		364F076B192B1B6A008472D9 /* face67.png in Resources */ = {isa = PBXBuildFile; fileRef = 364F0702192B1B6A008472D9 /* face67.png */; };
		364F076C192B1B6A008472D9 /* face68.png in Resources */ = {isa = PBXBuildFile; fileRef = 364F0703192B1B6A008472D9 /* face68.png */; };
		364F076D192B1B6A008472D9 /* face69.png in Resources */ = {isa = PBXBuildFile; fileRef = 364F0704192B1B6A008472D9 /* face69.png */; };
		364F076E192B1B6A008472D9 /* face7.png in Resources */ = {isa = PBXBuildFile; fileRef = 364F0705192B1B6A008472D9 /* face7.png */; };
		364F076F192B1B6A008472D9 /* face70.gif in Resources */ = {isa = PBXBuildFile; fileRef = 364F0706192B1B6A008472D9 /* face70.gif */; };
		364F0770192B1B6A008472D9 /* face71.gif in Resources */ = {isa = PBXBuildFile; fileRef = 364F0707192B1B6A008472D9 /* face71.gif */; };
		364F0771192B1B6A008472D9 /* face72.gif in Resources */ = {isa = PBXBuildFile; fileRef = 364F0708192B1B6A008472D9 /* face72.gif */; };
		364F0772192B1B6A008472D9 /* face73.png in Resources */ = {isa = PBXBuildFile; fileRef = 364F0709192B1B6A008472D9 /* face73.png */; };
		364F0773192B1B6A008472D9 /* face74.png in Resources */ = {isa = PBXBuildFile; fileRef = 364F070A192B1B6A008472D9 /* face74.png */; };
		364F0774192B1B6A008472D9 /* face75.png in Resources */ = {isa = PBXBuildFile; fileRef = 364F070B192B1B6A008472D9 /* face75.png */; };
		364F0775192B1B6A008472D9 /* face76.png in Resources */ = {isa = PBXBuildFile; fileRef = 364F070C192B1B6A008472D9 /* face76.png */; };
		364F0776192B1B6A008472D9 /* face77.png in Resources */ = {isa = PBXBuildFile; fileRef = 364F070D192B1B6A008472D9 /* face77.png */; };
		364F0777192B1B6A008472D9 /* face78.png in Resources */ = {isa = PBXBuildFile; fileRef = 364F070E192B1B6A008472D9 /* face78.png */; };
		364F0778192B1B6A008472D9 /* face79.png in Resources */ = {isa = PBXBuildFile; fileRef = 364F070F192B1B6A008472D9 /* face79.png */; };
		364F0779192B1B6A008472D9 /* face8.png in Resources */ = {isa = PBXBuildFile; fileRef = 364F0710192B1B6A008472D9 /* face8.png */; };
		364F077A192B1B6A008472D9 /* face80.gif in Resources */ = {isa = PBXBuildFile; fileRef = 364F0711192B1B6A008472D9 /* face80.gif */; };
		364F077B192B1B6A008472D9 /* face81.png in Resources */ = {isa = PBXBuildFile; fileRef = 364F0712192B1B6A008472D9 /* face81.png */; };
		364F077C192B1B6A008472D9 /* face82.png in Resources */ = {isa = PBXBuildFile; fileRef = 364F0713192B1B6A008472D9 /* face82.png */; };
		364F077D192B1B6A008472D9 /* face83.png in Resources */ = {isa = PBXBuildFile; fileRef = 364F0714192B1B6A008472D9 /* face83.png */; };
		364F077E192B1B6A008472D9 /* face84.gif in Resources */ = {isa = PBXBuildFile; fileRef = 364F0715192B1B6A008472D9 /* face84.gif */; };
		364F077F192B1B6A008472D9 /* face85.png in Resources */ = {isa = PBXBuildFile; fileRef = 364F0716192B1B6A008472D9 /* face85.png */; };
		364F0780192B1B6A008472D9 /* face86.png in Resources */ = {isa = PBXBuildFile; fileRef = 364F0717192B1B6A008472D9 /* face86.png */; };
		364F0781192B1B6A008472D9 /* face87.png in Resources */ = {isa = PBXBuildFile; fileRef = 364F0718192B1B6A008472D9 /* face87.png */; };
		364F0782192B1B6A008472D9 /* face88.png in Resources */ = {isa = PBXBuildFile; fileRef = 364F0719192B1B6A008472D9 /* face88.png */; };
		364F0783192B1B6A008472D9 /* face89.png in Resources */ = {isa = PBXBuildFile; fileRef = 364F071A192B1B6A008472D9 /* face89.png */; };
		364F0784192B1B6A008472D9 /* face9.png in Resources */ = {isa = PBXBuildFile; fileRef = 364F071B192B1B6A008472D9 /* face9.png */; };
		364F0785192B1B6A008472D9 /* face90.png in Resources */ = {isa = PBXBuildFile; fileRef = 364F071C192B1B6A008472D9 /* face90.png */; };
		364F0786192B1B6A008472D9 /* face91.png in Resources */ = {isa = PBXBuildFile; fileRef = 364F071D192B1B6A008472D9 /* face91.png */; };
		364F0787192B1B6A008472D9 /* face92.png in Resources */ = {isa = PBXBuildFile; fileRef = 364F071E192B1B6A008472D9 /* face92.png */; };
		364F0788192B1B6A008472D9 /* face93.png in Resources */ = {isa = PBXBuildFile; fileRef = 364F071F192B1B6A008472D9 /* face93.png */; };
		364F0789192B1B6A008472D9 /* face94.png in Resources */ = {isa = PBXBuildFile; fileRef = 364F0720192B1B6A008472D9 /* face94.png */; };
		364F078A192B1B6A008472D9 /* face95.gif in Resources */ = {isa = PBXBuildFile; fileRef = 364F0721192B1B6A008472D9 /* face95.gif */; };
		364F078B192B1B6A008472D9 /* face96.gif in Resources */ = {isa = PBXBuildFile; fileRef = 364F0722192B1B6A008472D9 /* face96.gif */; };
		364F078C192B1B6A008472D9 /* face97.gif in Resources */ = {isa = PBXBuildFile; fileRef = 364F0723192B1B6A008472D9 /* face97.gif */; };
		364F078D192B1B6A008472D9 /* face98.gif in Resources */ = {isa = PBXBuildFile; fileRef = 364F0724192B1B6A008472D9 /* face98.gif */; };
		364F078E192B1B6A008472D9 /* face99.gif in Resources */ = {isa = PBXBuildFile; fileRef = 364F0725192B1B6A008472D9 /* face99.gif */; };
		369EBEC61929B320008CE3DB /* ReceiverTextNodeBkg_ios7@2x.png in Resources */ = {isa = PBXBuildFile; fileRef = 369EBEC41929B320008CE3DB /* ReceiverTextNodeBkg_ios7@2x.png */; };
		369EBEC71929B320008CE3DB /* ReceiverTextNodeBkgHL_ios7@2x.png in Resources */ = {isa = PBXBuildFile; fileRef = 369EBEC51929B320008CE3DB /* ReceiverTextNodeBkgHL_ios7@2x.png */; };
/* End PBXBuildFile section */

/* Begin PBXContainerItemProxy section */
		364A89421929B07200BAFB8C /* PBXContainerItemProxy */ = {
			isa = PBXContainerItemProxy;
			containerPortal = 364A89141929B07200BAFB8C /* Project object */;
			proxyType = 1;
			remoteGlobalIDString = 364A891B1929B07200BAFB8C;
			remoteInfo = MLEmojiLabel;
		};
/* End PBXContainerItemProxy section */

/* Begin PBXFileReference section */
		364A891C1929B07200BAFB8C /* MLEmojiLabel.app */ = {isa = PBXFileReference; explicitFileType = wrapper.application; includeInIndex = 0; path = MLEmojiLabel.app; sourceTree = BUILT_PRODUCTS_DIR; };
		364A891F1929B07200BAFB8C /* Foundation.framework */ = {isa = PBXFileReference; lastKnownFileType = wrapper.framework; name = Foundation.framework; path = System/Library/Frameworks/Foundation.framework; sourceTree = SDKROOT; };
		364A89211929B07200BAFB8C /* CoreGraphics.framework */ = {isa = PBXFileReference; lastKnownFileType = wrapper.framework; name = CoreGraphics.framework; path = System/Library/Frameworks/CoreGraphics.framework; sourceTree = SDKROOT; };
		364A89231929B07200BAFB8C /* UIKit.framework */ = {isa = PBXFileReference; lastKnownFileType = wrapper.framework; name = UIKit.framework; path = System/Library/Frameworks/UIKit.framework; sourceTree = SDKROOT; };
		364A89271929B07200BAFB8C /* MLEmojiLabel-Info.plist */ = {isa = PBXFileReference; lastKnownFileType = text.plist.xml; path = "MLEmojiLabel-Info.plist"; sourceTree = "<group>"; };
		364A89291929B07200BAFB8C /* en */ = {isa = PBXFileReference; lastKnownFileType = text.plist.strings; name = en; path = en.lproj/InfoPlist.strings; sourceTree = "<group>"; };
		364A892B1929B07200BAFB8C /* main.m */ = {isa = PBXFileReference; lastKnownFileType = sourcecode.c.objc; path = main.m; sourceTree = "<group>"; };
		364A892D1929B07200BAFB8C /* MLEmojiLabel-Prefix.pch */ = {isa = PBXFileReference; lastKnownFileType = sourcecode.c.h; path = "MLEmojiLabel-Prefix.pch"; sourceTree = "<group>"; };
		364A892E1929B07200BAFB8C /* AppDelegate.h */ = {isa = PBXFileReference; lastKnownFileType = sourcecode.c.h; path = AppDelegate.h; sourceTree = "<group>"; };
		364A892F1929B07200BAFB8C /* AppDelegate.m */ = {isa = PBXFileReference; lastKnownFileType = sourcecode.c.objc; path = AppDelegate.m; sourceTree = "<group>"; };
		364A89321929B07200BAFB8C /* Base */ = {isa = PBXFileReference; lastKnownFileType = file.storyboard; name = Base; path = Base.lproj/Main.storyboard; sourceTree = "<group>"; };
		364A89341929B07200BAFB8C /* ViewController.h */ = {isa = PBXFileReference; lastKnownFileType = sourcecode.c.h; path = ViewController.h; sourceTree = "<group>"; };
		364A89351929B07200BAFB8C /* ViewController.m */ = {isa = PBXFileReference; lastKnownFileType = sourcecode.c.objc; path = ViewController.m; sourceTree = "<group>"; };
		364A89371929B07200BAFB8C /* Images.xcassets */ = {isa = PBXFileReference; lastKnownFileType = folder.assetcatalog; path = Images.xcassets; sourceTree = "<group>"; };
		364A893D1929B07200BAFB8C /* MLEmojiLabelTests.xctest */ = {isa = PBXFileReference; explicitFileType = wrapper.cfbundle; includeInIndex = 0; path = MLEmojiLabelTests.xctest; sourceTree = BUILT_PRODUCTS_DIR; };
		364A893E1929B07200BAFB8C /* XCTest.framework */ = {isa = PBXFileReference; lastKnownFileType = wrapper.framework; name = XCTest.framework; path = Library/Frameworks/XCTest.framework; sourceTree = DEVELOPER_DIR; };
		364A89461929B07200BAFB8C /* MLEmojiLabelTests-Info.plist */ = {isa = PBXFileReference; lastKnownFileType = text.plist.xml; path = "MLEmojiLabelTests-Info.plist"; sourceTree = "<group>"; };
		364A89481929B07200BAFB8C /* en */ = {isa = PBXFileReference; lastKnownFileType = text.plist.strings; name = en; path = en.lproj/InfoPlist.strings; sourceTree = "<group>"; };
		364A894A1929B07200BAFB8C /* MLEmojiLabelTests.m */ = {isa = PBXFileReference; lastKnownFileType = sourcecode.c.objc; path = MLEmojiLabelTests.m; sourceTree = "<group>"; };
		364A89551929B08100BAFB8C /* TTTAttributedLabel.h */ = {isa = PBXFileReference; fileEncoding = 4; lastKnownFileType = sourcecode.c.h; path = TTTAttributedLabel.h; sourceTree = "<group>"; };
		364A89561929B08100BAFB8C /* TTTAttributedLabel.m */ = {isa = PBXFileReference; fileEncoding = 4; lastKnownFileType = sourcecode.c.objc; path = TTTAttributedLabel.m; sourceTree = "<group>"; };
		364A89581929B09400BAFB8C /* MLEmojiLabel.h */ = {isa = PBXFileReference; fileEncoding = 4; lastKnownFileType = sourcecode.c.h; path = MLEmojiLabel.h; sourceTree = "<group>"; };
		364A89591929B09400BAFB8C /* MLEmojiLabel.m */ = {isa = PBXFileReference; fileEncoding = 4; lastKnownFileType = sourcecode.c.objc; path = MLEmojiLabel.m; sourceTree = "<group>"; };
		364F06BC192B1B6A008472D9 /* emotion.plist */ = {isa = PBXFileReference; fileEncoding = 4; lastKnownFileType = text.plist.xml; path = emotion.plist; sourceTree = "<group>"; };
		364F06BD192B1B6A008472D9 /* emotionImage.plist */ = {isa = PBXFileReference; fileEncoding = 4; lastKnownFileType = text.plist.xml; path = emotionImage.plist; sourceTree = "<group>"; };
		364F06BF192B1B6A008472D9 /* face1.png */ = {isa = PBXFileReference; lastKnownFileType = image.png; path = face1.png; sourceTree = "<group>"; };
		364F06C0192B1B6A008472D9 /* face10.png */ = {isa = PBXFileReference; lastKnownFileType = image.png; path = face10.png; sourceTree = "<group>"; };
		364F06C1192B1B6A008472D9 /* face100.gif */ = {isa = PBXFileReference; lastKnownFileType = image.gif; path = face100.gif; sourceTree = "<group>"; };
		364F06C2192B1B6A008472D9 /* face101.png */ = {isa = PBXFileReference; lastKnownFileType = image.png; path = face101.png; sourceTree = "<group>"; };
		364F06C3192B1B6A008472D9 /* face102.png */ = {isa = PBXFileReference; lastKnownFileType = image.png; path = face102.png; sourceTree = "<group>"; };
		364F06C4192B1B6A008472D9 /* face103.png */ = {isa = PBXFileReference; lastKnownFileType = image.png; path = face103.png; sourceTree = "<group>"; };
		364F06C5192B1B6A008472D9 /* face11.png */ = {isa = PBXFileReference; lastKnownFileType = image.png; path = face11.png; sourceTree = "<group>"; };
		364F06C6192B1B6A008472D9 /* face12.png */ = {isa = PBXFileReference; lastKnownFileType = image.png; path = face12.png; sourceTree = "<group>"; };
		364F06C7192B1B6A008472D9 /* face13.png */ = {isa = PBXFileReference; lastKnownFileType = image.png; path = face13.png; sourceTree = "<group>"; };
		364F06C8192B1B6A008472D9 /* face14.png */ = {isa = PBXFileReference; lastKnownFileType = image.png; path = face14.png; sourceTree = "<group>"; };
		364F06C9192B1B6A008472D9 /* face15.png */ = {isa = PBXFileReference; lastKnownFileType = image.png; path = face15.png; sourceTree = "<group>"; };
		364F06CA192B1B6A008472D9 /* face16.png */ = {isa = PBXFileReference; lastKnownFileType = image.png; path = face16.png; sourceTree = "<group>"; };
		364F06CB192B1B6A008472D9 /* face17.png */ = {isa = PBXFileReference; lastKnownFileType = image.png; path = face17.png; sourceTree = "<group>"; };
		364F06CC192B1B6A008472D9 /* face18.png */ = {isa = PBXFileReference; lastKnownFileType = image.png; path = face18.png; sourceTree = "<group>"; };
		364F06CD192B1B6A008472D9 /* face19.png */ = {isa = PBXFileReference; lastKnownFileType = image.png; path = face19.png; sourceTree = "<group>"; };
		364F06CE192B1B6A008472D9 /* face2.png */ = {isa = PBXFileReference; lastKnownFileType = image.png; path = face2.png; sourceTree = "<group>"; };
		364F06CF192B1B6A008472D9 /* face20.png */ = {isa = PBXFileReference; lastKnownFileType = image.png; path = face20.png; sourceTree = "<group>"; };
		364F06D0192B1B6A008472D9 /* face21.png */ = {isa = PBXFileReference; lastKnownFileType = image.png; path = face21.png; sourceTree = "<group>"; };
		364F06D1192B1B6A008472D9 /* face22.png */ = {isa = PBXFileReference; lastKnownFileType = image.png; path = face22.png; sourceTree = "<group>"; };
		364F06D2192B1B6A008472D9 /* face23.png */ = {isa = PBXFileReference; lastKnownFileType = image.png; path = face23.png; sourceTree = "<group>"; };
		364F06D3192B1B6A008472D9 /* face24.png */ = {isa = PBXFileReference; lastKnownFileType = image.png; path = face24.png; sourceTree = "<group>"; };
		364F06D4192B1B6A008472D9 /* face25.png */ = {isa = PBXFileReference; lastKnownFileType = image.png; path = face25.png; sourceTree = "<group>"; };
		364F06D5192B1B6A008472D9 /* face26.png */ = {isa = PBXFileReference; lastKnownFileType = image.png; path = face26.png; sourceTree = "<group>"; };
		364F06D6192B1B6A008472D9 /* face27.png */ = {isa = PBXFileReference; lastKnownFileType = image.png; path = face27.png; sourceTree = "<group>"; };
		364F06D7192B1B6A008472D9 /* face28.png */ = {isa = PBXFileReference; lastKnownFileType = image.png; path = face28.png; sourceTree = "<group>"; };
		364F06D8192B1B6A008472D9 /* face29.png */ = {isa = PBXFileReference; lastKnownFileType = image.png; path = face29.png; sourceTree = "<group>"; };
		364F06D9192B1B6A008472D9 /* face3.png */ = {isa = PBXFileReference; lastKnownFileType = image.png; path = face3.png; sourceTree = "<group>"; };
		364F06DA192B1B6A008472D9 /* face30.png */ = {isa = PBXFileReference; lastKnownFileType = image.png; path = face30.png; sourceTree = "<group>"; };
		364F06DB192B1B6A008472D9 /* face31.png */ = {isa = PBXFileReference; lastKnownFileType = image.png; path = face31.png; sourceTree = "<group>"; };
		364F06DC192B1B6A008472D9 /* face32.png */ = {isa = PBXFileReference; lastKnownFileType = image.png; path = face32.png; sourceTree = "<group>"; };
		364F06DD192B1B6A008472D9 /* face33.gif */ = {isa = PBXFileReference; lastKnownFileType = image.gif; path = face33.gif; sourceTree = "<group>"; };
		364F06DE192B1B6A008472D9 /* face34.png */ = {isa = PBXFileReference; lastKnownFileType = image.png; path = face34.png; sourceTree = "<group>"; };
		364F06DF192B1B6A008472D9 /* face35.png */ = {isa = PBXFileReference; lastKnownFileType = image.png; path = face35.png; sourceTree = "<group>"; };
		364F06E0192B1B6A008472D9 /* face36.png */ = {isa = PBXFileReference; lastKnownFileType = image.png; path = face36.png; sourceTree = "<group>"; };
		364F06E1192B1B6A008472D9 /* face37.png */ = {isa = PBXFileReference; lastKnownFileType = image.png; path = face37.png; sourceTree = "<group>"; };
		364F06E2192B1B6A008472D9 /* face38.png */ = {isa = PBXFileReference; lastKnownFileType = image.png; path = face38.png; sourceTree = "<group>"; };
		364F06E3192B1B6A008472D9 /* face39.gif */ = {isa = PBXFileReference; lastKnownFileType = image.gif; path = face39.gif; sourceTree = "<group>"; };
		364F06E4192B1B6A008472D9 /* face4.png */ = {isa = PBXFileReference; lastKnownFileType = image.png; path = face4.png; sourceTree = "<group>"; };
		364F06E5192B1B6A008472D9 /* face40.png */ = {isa = PBXFileReference; lastKnownFileType = image.png; path = face40.png; sourceTree = "<group>"; };
		364F06E6192B1B6A008472D9 /* face41.png */ = {isa = PBXFileReference; lastKnownFileType = image.png; path = face41.png; sourceTree = "<group>"; };
		364F06E7192B1B6A008472D9 /* face42.png */ = {isa = PBXFileReference; lastKnownFileType = image.png; path = face42.png; sourceTree = "<group>"; };
		364F06E8192B1B6A008472D9 /* face43.png */ = {isa = PBXFileReference; lastKnownFileType = image.png; path = face43.png; sourceTree = "<group>"; };
		364F06E9192B1B6A008472D9 /* face44.png */ = {isa = PBXFileReference; lastKnownFileType = image.png; path = face44.png; sourceTree = "<group>"; };
		364F06EA192B1B6A008472D9 /* face45.png */ = {isa = PBXFileReference; lastKnownFileType = image.png; path = face45.png; sourceTree = "<group>"; };
		364F06EB192B1B6A008472D9 /* face46.png */ = {isa = PBXFileReference; lastKnownFileType = image.png; path = face46.png; sourceTree = "<group>"; };
		364F06EC192B1B6A008472D9 /* face47.png */ = {isa = PBXFileReference; lastKnownFileType = image.png; path = face47.png; sourceTree = "<group>"; };
		364F06ED192B1B6A008472D9 /* face48.png */ = {isa = PBXFileReference; lastKnownFileType = image.png; path = face48.png; sourceTree = "<group>"; };
		364F06EE192B1B6A008472D9 /* face49.png */ = {isa = PBXFileReference; lastKnownFileType = image.png; path = face49.png; sourceTree = "<group>"; };
		364F06EF192B1B6A008472D9 /* face5.png */ = {isa = PBXFileReference; lastKnownFileType = image.png; path = face5.png; sourceTree = "<group>"; };
		364F06F0192B1B6A008472D9 /* face50.png */ = {isa = PBXFileReference; lastKnownFileType = image.png; path = face50.png; sourceTree = "<group>"; };
		364F06F1192B1B6A008472D9 /* face51.png */ = {isa = PBXFileReference; lastKnownFileType = image.png; path = face51.png; sourceTree = "<group>"; };
		364F06F2192B1B6A008472D9 /* face52.png */ = {isa = PBXFileReference; lastKnownFileType = image.png; path = face52.png; sourceTree = "<group>"; };
		364F06F3192B1B6A008472D9 /* face53.png */ = {isa = PBXFileReference; lastKnownFileType = image.png; path = face53.png; sourceTree = "<group>"; };
		364F06F4192B1B6A008472D9 /* face54.png */ = {isa = PBXFileReference; lastKnownFileType = image.png; path = face54.png; sourceTree = "<group>"; };
		364F06F5192B1B6A008472D9 /* face55.gif */ = {isa = PBXFileReference; lastKnownFileType = image.gif; path = face55.gif; sourceTree = "<group>"; };
		364F06F6192B1B6A008472D9 /* face56.png */ = {isa = PBXFileReference; lastKnownFileType = image.png; path = face56.png; sourceTree = "<group>"; };
		364F06F7192B1B6A008472D9 /* face57.png */ = {isa = PBXFileReference; lastKnownFileType = image.png; path = face57.png; sourceTree = "<group>"; };
		364F06F8192B1B6A008472D9 /* face58.png */ = {isa = PBXFileReference; lastKnownFileType = image.png; path = face58.png; sourceTree = "<group>"; };
		364F06F9192B1B6A008472D9 /* face59.png */ = {isa = PBXFileReference; lastKnownFileType = image.png; path = face59.png; sourceTree = "<group>"; };
		364F06FA192B1B6A008472D9 /* face6.png */ = {isa = PBXFileReference; lastKnownFileType = image.png; path = face6.png; sourceTree = "<group>"; };
		364F06FB192B1B6A008472D9 /* face60.png */ = {isa = PBXFileReference; lastKnownFileType = image.png; path = face60.png; sourceTree = "<group>"; };
		364F06FC192B1B6A008472D9 /* face61.gif */ = {isa = PBXFileReference; lastKnownFileType = image.gif; path = face61.gif; sourceTree = "<group>"; };
		364F06FD192B1B6A008472D9 /* face62.gif */ = {isa = PBXFileReference; lastKnownFileType = image.gif; path = face62.gif; sourceTree = "<group>"; };
		364F06FE192B1B6A008472D9 /* face63.gif */ = {isa = PBXFileReference; lastKnownFileType = image.gif; path = face63.gif; sourceTree = "<group>"; };
		364F06FF192B1B6A008472D9 /* face64.gif */ = {isa = PBXFileReference; lastKnownFileType = image.gif; path = face64.gif; sourceTree = "<group>"; };
		364F0700192B1B6A008472D9 /* face65.png */ = {isa = PBXFileReference; lastKnownFileType = image.png; path = face65.png; sourceTree = "<group>"; };
		364F0701192B1B6A008472D9 /* face66.png */ = {isa = PBXFileReference; lastKnownFileType = image.png; path = face66.png; sourceTree = "<group>"; };
		364F0702192B1B6A008472D9 /* face67.png */ = {isa = PBXFileReference; lastKnownFileType = image.png; path = face67.png; sourceTree = "<group>"; };
		364F0703192B1B6A008472D9 /* face68.png */ = {isa = PBXFileReference; lastKnownFileType = image.png; path = face68.png; sourceTree = "<group>"; };
		364F0704192B1B6A008472D9 /* face69.png */ = {isa = PBXFileReference; lastKnownFileType = image.png; path = face69.png; sourceTree = "<group>"; };
		364F0705192B1B6A008472D9 /* face7.png */ = {isa = PBXFileReference; lastKnownFileType = image.png; path = face7.png; sourceTree = "<group>"; };
		364F0706192B1B6A008472D9 /* face70.gif */ = {isa = PBXFileReference; lastKnownFileType = image.gif; path = face70.gif; sourceTree = "<group>"; };
		364F0707192B1B6A008472D9 /* face71.gif */ = {isa = PBXFileReference; lastKnownFileType = image.gif; path = face71.gif; sourceTree = "<group>"; };
		364F0708192B1B6A008472D9 /* face72.gif */ = {isa = PBXFileReference; lastKnownFileType = image.gif; path = face72.gif; sourceTree = "<group>"; };
		364F0709192B1B6A008472D9 /* face73.png */ = {isa = PBXFileReference; lastKnownFileType = image.png; path = face73.png; sourceTree = "<group>"; };
		364F070A192B1B6A008472D9 /* face74.png */ = {isa = PBXFileReference; lastKnownFileType = image.png; path = face74.png; sourceTree = "<group>"; };
		364F070B192B1B6A008472D9 /* face75.png */ = {isa = PBXFileReference; lastKnownFileType = image.png; path = face75.png; sourceTree = "<group>"; };
		364F070C192B1B6A008472D9 /* face76.png */ = {isa = PBXFileReference; lastKnownFileType = image.png; path = face76.png; sourceTree = "<group>"; };
		364F070D192B1B6A008472D9 /* face77.png */ = {isa = PBXFileReference; lastKnownFileType = image.png; path = face77.png; sourceTree = "<group>"; };
		364F070E192B1B6A008472D9 /* face78.png */ = {isa = PBXFileReference; lastKnownFileType = image.png; path = face78.png; sourceTree = "<group>"; };
		364F070F192B1B6A008472D9 /* face79.png */ = {isa = PBXFileReference; lastKnownFileType = image.png; path = face79.png; sourceTree = "<group>"; };
		364F0710192B1B6A008472D9 /* face8.png */ = {isa = PBXFileReference; lastKnownFileType = image.png; path = face8.png; sourceTree = "<group>"; };
		364F0711192B1B6A008472D9 /* face80.gif */ = {isa = PBXFileReference; lastKnownFileType = image.gif; path = face80.gif; sourceTree = "<group>"; };
		364F0712192B1B6A008472D9 /* face81.png */ = {isa = PBXFileReference; lastKnownFileType = image.png; path = face81.png; sourceTree = "<group>"; };
		364F0713192B1B6A008472D9 /* face82.png */ = {isa = PBXFileReference; lastKnownFileType = image.png; path = face82.png; sourceTree = "<group>"; };
		364F0714192B1B6A008472D9 /* face83.png */ = {isa = PBXFileReference; lastKnownFileType = image.png; path = face83.png; sourceTree = "<group>"; };
		364F0715192B1B6A008472D9 /* face84.gif */ = {isa = PBXFileReference; lastKnownFileType = image.gif; path = face84.gif; sourceTree = "<group>"; };
		364F0716192B1B6A008472D9 /* face85.png */ = {isa = PBXFileReference; lastKnownFileType = image.png; path = face85.png; sourceTree = "<group>"; };
		364F0717192B1B6A008472D9 /* face86.png */ = {isa = PBXFileReference; lastKnownFileType = image.png; path = face86.png; sourceTree = "<group>"; };
		364F0718192B1B6A008472D9 /* face87.png */ = {isa = PBXFileReference; lastKnownFileType = image.png; path = face87.png; sourceTree = "<group>"; };
		364F0719192B1B6A008472D9 /* face88.png */ = {isa = PBXFileReference; lastKnownFileType = image.png; path = face88.png; sourceTree = "<group>"; };
		364F071A192B1B6A008472D9 /* face89.png */ = {isa = PBXFileReference; lastKnownFileType = image.png; path = face89.png; sourceTree = "<group>"; };
		364F071B192B1B6A008472D9 /* face9.png */ = {isa = PBXFileReference; lastKnownFileType = image.png; path = face9.png; sourceTree = "<group>"; };
		364F071C192B1B6A008472D9 /* face90.png */ = {isa = PBXFileReference; lastKnownFileType = image.png; path = face90.png; sourceTree = "<group>"; };
		364F071D192B1B6A008472D9 /* face91.png */ = {isa = PBXFileReference; lastKnownFileType = image.png; path = face91.png; sourceTree = "<group>"; };
		364F071E192B1B6A008472D9 /* face92.png */ = {isa = PBXFileReference; lastKnownFileType = image.png; path = face92.png; sourceTree = "<group>"; };
		364F071F192B1B6A008472D9 /* face93.png */ = {isa = PBXFileReference; lastKnownFileType = image.png; path = face93.png; sourceTree = "<group>"; };
		364F0720192B1B6A008472D9 /* face94.png */ = {isa = PBXFileReference; lastKnownFileType = image.png; path = face94.png; sourceTree = "<group>"; };
		364F0721192B1B6A008472D9 /* face95.gif */ = {isa = PBXFileReference; lastKnownFileType = image.gif; path = face95.gif; sourceTree = "<group>"; };
		364F0722192B1B6A008472D9 /* face96.gif */ = {isa = PBXFileReference; lastKnownFileType = image.gif; path = face96.gif; sourceTree = "<group>"; };
		364F0723192B1B6A008472D9 /* face97.gif */ = {isa = PBXFileReference; lastKnownFileType = image.gif; path = face97.gif; sourceTree = "<group>"; };
		364F0724192B1B6A008472D9 /* face98.gif */ = {isa = PBXFileReference; lastKnownFileType = image.gif; path = face98.gif; sourceTree = "<group>"; };
		364F0725192B1B6A008472D9 /* face99.gif */ = {isa = PBXFileReference; lastKnownFileType = image.gif; path = face99.gif; sourceTree = "<group>"; };
		369EBEC41929B320008CE3DB /* ReceiverTextNodeBkg_ios7@2x.png */ = {isa = PBXFileReference; lastKnownFileType = image.png; path = "ReceiverTextNodeBkg_ios7@2x.png"; sourceTree = "<group>"; };
		369EBEC51929B320008CE3DB /* ReceiverTextNodeBkgHL_ios7@2x.png */ = {isa = PBXFileReference; lastKnownFileType = image.png; path = "ReceiverTextNodeBkgHL_ios7@2x.png"; sourceTree = "<group>"; };
/* End PBXFileReference section */

/* Begin PBXFrameworksBuildPhase section */
		364A89191929B07200BAFB8C /* Frameworks */ = {
			isa = PBXFrameworksBuildPhase;
			buildActionMask = 2147483647;
			files = (
				364A89221929B07200BAFB8C /* CoreGraphics.framework in Frameworks */,
				364A89241929B07200BAFB8C /* UIKit.framework in Frameworks */,
				364A89201929B07200BAFB8C /* Foundation.framework in Frameworks */,
			);
			runOnlyForDeploymentPostprocessing = 0;
		};
		364A893A1929B07200BAFB8C /* Frameworks */ = {
			isa = PBXFrameworksBuildPhase;
			buildActionMask = 2147483647;
			files = (
				364A893F1929B07200BAFB8C /* XCTest.framework in Frameworks */,
				364A89411929B07200BAFB8C /* UIKit.framework in Frameworks */,
				364A89401929B07200BAFB8C /* Foundation.framework in Frameworks */,
			);
			runOnlyForDeploymentPostprocessing = 0;
		};
/* End PBXFrameworksBuildPhase section */

/* Begin PBXGroup section */
		364A89131929B07200BAFB8C = {
			isa = PBXGroup;
			children = (
				364F06BC192B1B6A008472D9 /* emotion.plist */,
				364F06BD192B1B6A008472D9 /* emotionImage.plist */,
				364F06BE192B1B6A008472D9 /* face */,
				364A89541929B08100BAFB8C /* TTTAttributedLabel */,
				364A89251929B07200BAFB8C /* MLEmojiLabel */,
				364A89441929B07200BAFB8C /* MLEmojiLabelTests */,
				364A891E1929B07200BAFB8C /* Frameworks */,
				364A891D1929B07200BAFB8C /* Products */,
			);
			sourceTree = "<group>";
		};
		364A891D1929B07200BAFB8C /* Products */ = {
			isa = PBXGroup;
			children = (
				364A891C1929B07200BAFB8C /* MLEmojiLabel.app */,
				364A893D1929B07200BAFB8C /* MLEmojiLabelTests.xctest */,
			);
			name = Products;
			sourceTree = "<group>";
		};
		364A891E1929B07200BAFB8C /* Frameworks */ = {
			isa = PBXGroup;
			children = (
				364A891F1929B07200BAFB8C /* Foundation.framework */,
				364A89211929B07200BAFB8C /* CoreGraphics.framework */,
				364A89231929B07200BAFB8C /* UIKit.framework */,
				364A893E1929B07200BAFB8C /* XCTest.framework */,
			);
			name = Frameworks;
			sourceTree = "<group>";
		};
		364A89251929B07200BAFB8C /* MLEmojiLabel */ = {
			isa = PBXGroup;
			children = (
				369EBEC41929B320008CE3DB /* ReceiverTextNodeBkg_ios7@2x.png */,
				369EBEC51929B320008CE3DB /* ReceiverTextNodeBkgHL_ios7@2x.png */,
				364A892E1929B07200BAFB8C /* AppDelegate.h */,
				364A892F1929B07200BAFB8C /* AppDelegate.m */,
				364A89311929B07200BAFB8C /* Main.storyboard */,
				364A89341929B07200BAFB8C /* ViewController.h */,
				364A89351929B07200BAFB8C /* ViewController.m */,
				364A89371929B07200BAFB8C /* Images.xcassets */,
				364A89261929B07200BAFB8C /* Supporting Files */,
				364A89581929B09400BAFB8C /* MLEmojiLabel.h */,
				364A89591929B09400BAFB8C /* MLEmojiLabel.m */,
			);
			path = MLEmojiLabel;
			sourceTree = "<group>";
		};
		364A89261929B07200BAFB8C /* Supporting Files */ = {
			isa = PBXGroup;
			children = (
				364A89271929B07200BAFB8C /* MLEmojiLabel-Info.plist */,
				364A89281929B07200BAFB8C /* InfoPlist.strings */,
				364A892B1929B07200BAFB8C /* main.m */,
				364A892D1929B07200BAFB8C /* MLEmojiLabel-Prefix.pch */,
			);
			name = "Supporting Files";
			sourceTree = "<group>";
		};
		364A89441929B07200BAFB8C /* MLEmojiLabelTests */ = {
			isa = PBXGroup;
			children = (
				364A894A1929B07200BAFB8C /* MLEmojiLabelTests.m */,
				364A89451929B07200BAFB8C /* Supporting Files */,
			);
			path = MLEmojiLabelTests;
			sourceTree = "<group>";
		};
		364A89451929B07200BAFB8C /* Supporting Files */ = {
			isa = PBXGroup;
			children = (
				364A89461929B07200BAFB8C /* MLEmojiLabelTests-Info.plist */,
				364A89471929B07200BAFB8C /* InfoPlist.strings */,
			);
			name = "Supporting Files";
			sourceTree = "<group>";
		};
		364A89541929B08100BAFB8C /* TTTAttributedLabel */ = {
			isa = PBXGroup;
			children = (
				364A89551929B08100BAFB8C /* TTTAttributedLabel.h */,
				364A89561929B08100BAFB8C /* TTTAttributedLabel.m */,
			);
			path = TTTAttributedLabel;
			sourceTree = "<group>";
		};
		364F06BE192B1B6A008472D9 /* face */ = {
			isa = PBXGroup;
			children = (
				364F06BF192B1B6A008472D9 /* face1.png */,
				364F06C0192B1B6A008472D9 /* face10.png */,
				364F06C1192B1B6A008472D9 /* face100.gif */,
				364F06C2192B1B6A008472D9 /* face101.png */,
				364F06C3192B1B6A008472D9 /* face102.png */,
				364F06C4192B1B6A008472D9 /* face103.png */,
				364F06C5192B1B6A008472D9 /* face11.png */,
				364F06C6192B1B6A008472D9 /* face12.png */,
				364F06C7192B1B6A008472D9 /* face13.png */,
				364F06C8192B1B6A008472D9 /* face14.png */,
				364F06C9192B1B6A008472D9 /* face15.png */,
				364F06CA192B1B6A008472D9 /* face16.png */,
				364F06CB192B1B6A008472D9 /* face17.png */,
				364F06CC192B1B6A008472D9 /* face18.png */,
				364F06CD192B1B6A008472D9 /* face19.png */,
				364F06CE192B1B6A008472D9 /* face2.png */,
				364F06CF192B1B6A008472D9 /* face20.png */,
				364F06D0192B1B6A008472D9 /* face21.png */,
				364F06D1192B1B6A008472D9 /* face22.png */,
				364F06D2192B1B6A008472D9 /* face23.png */,
				364F06D3192B1B6A008472D9 /* face24.png */,
				364F06D4192B1B6A008472D9 /* face25.png */,
				364F06D5192B1B6A008472D9 /* face26.png */,
				364F06D6192B1B6A008472D9 /* face27.png */,
				364F06D7192B1B6A008472D9 /* face28.png */,
				364F06D8192B1B6A008472D9 /* face29.png */,
				364F06D9192B1B6A008472D9 /* face3.png */,
				364F06DA192B1B6A008472D9 /* face30.png */,
				364F06DB192B1B6A008472D9 /* face31.png */,
				364F06DC192B1B6A008472D9 /* face32.png */,
				364F06DD192B1B6A008472D9 /* face33.gif */,
				364F06DE192B1B6A008472D9 /* face34.png */,
				364F06DF192B1B6A008472D9 /* face35.png */,
				364F06E0192B1B6A008472D9 /* face36.png */,
				364F06E1192B1B6A008472D9 /* face37.png */,
				364F06E2192B1B6A008472D9 /* face38.png */,
				364F06E3192B1B6A008472D9 /* face39.gif */,
				364F06E4192B1B6A008472D9 /* face4.png */,
				364F06E5192B1B6A008472D9 /* face40.png */,
				364F06E6192B1B6A008472D9 /* face41.png */,
				364F06E7192B1B6A008472D9 /* face42.png */,
				364F06E8192B1B6A008472D9 /* face43.png */,
				364F06E9192B1B6A008472D9 /* face44.png */,
				364F06EA192B1B6A008472D9 /* face45.png */,
				364F06EB192B1B6A008472D9 /* face46.png */,
				364F06EC192B1B6A008472D9 /* face47.png */,
				364F06ED192B1B6A008472D9 /* face48.png */,
				364F06EE192B1B6A008472D9 /* face49.png */,
				364F06EF192B1B6A008472D9 /* face5.png */,
				364F06F0192B1B6A008472D9 /* face50.png */,
				364F06F1192B1B6A008472D9 /* face51.png */,
				364F06F2192B1B6A008472D9 /* face52.png */,
				364F06F3192B1B6A008472D9 /* face53.png */,
				364F06F4192B1B6A008472D9 /* face54.png */,
				364F06F5192B1B6A008472D9 /* face55.gif */,
				364F06F6192B1B6A008472D9 /* face56.png */,
				364F06F7192B1B6A008472D9 /* face57.png */,
				364F06F8192B1B6A008472D9 /* face58.png */,
				364F06F9192B1B6A008472D9 /* face59.png */,
				364F06FA192B1B6A008472D9 /* face6.png */,
				364F06FB192B1B6A008472D9 /* face60.png */,
				364F06FC192B1B6A008472D9 /* face61.gif */,
				364F06FD192B1B6A008472D9 /* face62.gif */,
				364F06FE192B1B6A008472D9 /* face63.gif */,
				364F06FF192B1B6A008472D9 /* face64.gif */,
				364F0700192B1B6A008472D9 /* face65.png */,
				364F0701192B1B6A008472D9 /* face66.png */,
				364F0702192B1B6A008472D9 /* face67.png */,
				364F0703192B1B6A008472D9 /* face68.png */,
				364F0704192B1B6A008472D9 /* face69.png */,
				364F0705192B1B6A008472D9 /* face7.png */,
				364F0706192B1B6A008472D9 /* face70.gif */,
				364F0707192B1B6A008472D9 /* face71.gif */,
				364F0708192B1B6A008472D9 /* face72.gif */,
				364F0709192B1B6A008472D9 /* face73.png */,
				364F070A192B1B6A008472D9 /* face74.png */,
				364F070B192B1B6A008472D9 /* face75.png */,
				364F070C192B1B6A008472D9 /* face76.png */,
				364F070D192B1B6A008472D9 /* face77.png */,
				364F070E192B1B6A008472D9 /* face78.png */,
				364F070F192B1B6A008472D9 /* face79.png */,
				364F0710192B1B6A008472D9 /* face8.png */,
				364F0711192B1B6A008472D9 /* face80.gif */,
				364F0712192B1B6A008472D9 /* face81.png */,
				364F0713192B1B6A008472D9 /* face82.png */,
				364F0714192B1B6A008472D9 /* face83.png */,
				364F0715192B1B6A008472D9 /* face84.gif */,
				364F0716192B1B6A008472D9 /* face85.png */,
				364F0717192B1B6A008472D9 /* face86.png */,
				364F0718192B1B6A008472D9 /* face87.png */,
				364F0719192B1B6A008472D9 /* face88.png */,
				364F071A192B1B6A008472D9 /* face89.png */,
				364F071B192B1B6A008472D9 /* face9.png */,
				364F071C192B1B6A008472D9 /* face90.png */,
				364F071D192B1B6A008472D9 /* face91.png */,
				364F071E192B1B6A008472D9 /* face92.png */,
				364F071F192B1B6A008472D9 /* face93.png */,
				364F0720192B1B6A008472D9 /* face94.png */,
				364F0721192B1B6A008472D9 /* face95.gif */,
				364F0722192B1B6A008472D9 /* face96.gif */,
				364F0723192B1B6A008472D9 /* face97.gif */,
				364F0724192B1B6A008472D9 /* face98.gif */,
				364F0725192B1B6A008472D9 /* face99.gif */,
			);
			path = face;
			sourceTree = "<group>";
		};
/* End PBXGroup section */

/* Begin PBXNativeTarget section */
		364A891B1929B07200BAFB8C /* MLEmojiLabel */ = {
			isa = PBXNativeTarget;
			buildConfigurationList = 364A894E1929B07200BAFB8C /* Build configuration list for PBXNativeTarget "MLEmojiLabel" */;
			buildPhases = (
				364A89181929B07200BAFB8C /* Sources */,
				364A89191929B07200BAFB8C /* Frameworks */,
				364A891A1929B07200BAFB8C /* Resources */,
			);
			buildRules = (
			);
			dependencies = (
			);
			name = MLEmojiLabel;
			productName = MLEmojiLabel;
			productReference = 364A891C1929B07200BAFB8C /* MLEmojiLabel.app */;
			productType = "com.apple.product-type.application";
		};
		364A893C1929B07200BAFB8C /* MLEmojiLabelTests */ = {
			isa = PBXNativeTarget;
			buildConfigurationList = 364A89511929B07200BAFB8C /* Build configuration list for PBXNativeTarget "MLEmojiLabelTests" */;
			buildPhases = (
				364A89391929B07200BAFB8C /* Sources */,
				364A893A1929B07200BAFB8C /* Frameworks */,
				364A893B1929B07200BAFB8C /* Resources */,
			);
			buildRules = (
			);
			dependencies = (
				364A89431929B07200BAFB8C /* PBXTargetDependency */,
			);
			name = MLEmojiLabelTests;
			productName = MLEmojiLabelTests;
			productReference = 364A893D1929B07200BAFB8C /* MLEmojiLabelTests.xctest */;
			productType = "com.apple.product-type.bundle.unit-test";
		};
/* End PBXNativeTarget section */

/* Begin PBXProject section */
		364A89141929B07200BAFB8C /* Project object */ = {
			isa = PBXProject;
			attributes = {
				LastUpgradeCheck = 0510;
				ORGANIZATIONNAME = molon;
				TargetAttributes = {
					364A893C1929B07200BAFB8C = {
						TestTargetID = 364A891B1929B07200BAFB8C;
					};
				};
			};
			buildConfigurationList = 364A89171929B07200BAFB8C /* Build configuration list for PBXProject "MLEmojiLabel" */;
			compatibilityVersion = "Xcode 3.2";
			developmentRegion = English;
			hasScannedForEncodings = 0;
			knownRegions = (
				en,
				Base,
			);
			mainGroup = 364A89131929B07200BAFB8C;
			productRefGroup = 364A891D1929B07200BAFB8C /* Products */;
			projectDirPath = "";
			projectRoot = "";
			targets = (
				364A891B1929B07200BAFB8C /* MLEmojiLabel */,
				364A893C1929B07200BAFB8C /* MLEmojiLabelTests */,
			);
		};
/* End PBXProject section */

/* Begin PBXResourcesBuildPhase section */
		364A891A1929B07200BAFB8C /* Resources */ = {
			isa = PBXResourcesBuildPhase;
			buildActionMask = 2147483647;
			files = (
				364F077D192B1B6A008472D9 /* face83.png in Resources */,
				364F075A192B1B6A008472D9 /* face51.png in Resources */,
				364F075B192B1B6A008472D9 /* face52.png in Resources */,
				364F0789192B1B6A008472D9 /* face94.png in Resources */,
				364F0758192B1B6A008472D9 /* face5.png in Resources */,
				364F0756192B1B6A008472D9 /* face48.png in Resources */,
				364F0732192B1B6A008472D9 /* face15.png in Resources */,
				364F0749192B1B6A008472D9 /* face36.png in Resources */,
				364F076D192B1B6A008472D9 /* face69.png in Resources */,
				364F0731192B1B6A008472D9 /* face14.png in Resources */,
				364F0730192B1B6A008472D9 /* face13.png in Resources */,
				364F0726192B1B6A008472D9 /* emotion.plist in Resources */,
				364F0742192B1B6A008472D9 /* face3.png in Resources */,
				364F072A192B1B6A008472D9 /* face100.gif in Resources */,
				364F0774192B1B6A008472D9 /* face75.png in Resources */,
				364F0779192B1B6A008472D9 /* face8.png in Resources */,
				364A89381929B07200BAFB8C /* Images.xcassets in Resources */,
				364F0752192B1B6A008472D9 /* face44.png in Resources */,
				364F0746192B1B6A008472D9 /* face33.gif in Resources */,
				364F073A192B1B6A008472D9 /* face22.png in Resources */,
				364F0738192B1B6A008472D9 /* face20.png in Resources */,
				364F0757192B1B6A008472D9 /* face49.png in Resources */,
				364F072F192B1B6A008472D9 /* face12.png in Resources */,
				364F078E192B1B6A008472D9 /* face99.gif in Resources */,
				364F0755192B1B6A008472D9 /* face47.png in Resources */,
				364F0777192B1B6A008472D9 /* face78.png in Resources */,
				364F077A192B1B6A008472D9 /* face80.gif in Resources */,
				364F074D192B1B6A008472D9 /* face4.png in Resources */,
				364F075D192B1B6A008472D9 /* face54.png in Resources */,
				364F0759192B1B6A008472D9 /* face50.png in Resources */,
				364F0745192B1B6A008472D9 /* face32.png in Resources */,
				364F0766192B1B6A008472D9 /* face62.gif in Resources */,
				364F075E192B1B6A008472D9 /* face55.gif in Resources */,
				364F0747192B1B6A008472D9 /* face34.png in Resources */,
				364F0741192B1B6A008472D9 /* face29.png in Resources */,
				364F0739192B1B6A008472D9 /* face21.png in Resources */,
				364F0754192B1B6A008472D9 /* face46.png in Resources */,
				364F078D192B1B6A008472D9 /* face98.gif in Resources */,
				364F077C192B1B6A008472D9 /* face82.png in Resources */,
				364F0744192B1B6A008472D9 /* face31.png in Resources */,
				364F0750192B1B6A008472D9 /* face42.png in Resources */,
				364F073C192B1B6A008472D9 /* face24.png in Resources */,
				364F0729192B1B6A008472D9 /* face10.png in Resources */,
				364F076B192B1B6A008472D9 /* face67.png in Resources */,
				364F073D192B1B6A008472D9 /* face25.png in Resources */,
				364F0734192B1B6A008472D9 /* face17.png in Resources */,
				364F074E192B1B6A008472D9 /* face40.png in Resources */,
				364F072E192B1B6A008472D9 /* face11.png in Resources */,
				364F073F192B1B6A008472D9 /* face27.png in Resources */,
				364F0782192B1B6A008472D9 /* face88.png in Resources */,
				364F074F192B1B6A008472D9 /* face41.png in Resources */,
				364F0788192B1B6A008472D9 /* face93.png in Resources */,
				364F0764192B1B6A008472D9 /* face60.png in Resources */,
				364F0772192B1B6A008472D9 /* face73.png in Resources */,
				364F072B192B1B6A008472D9 /* face101.png in Resources */,
				369EBEC61929B320008CE3DB /* ReceiverTextNodeBkg_ios7@2x.png in Resources */,
				364F0771192B1B6A008472D9 /* face72.gif in Resources */,
				364A892A1929B07200BAFB8C /* InfoPlist.strings in Resources */,
				364F0786192B1B6A008472D9 /* face91.png in Resources */,
				364F073E192B1B6A008472D9 /* face26.png in Resources */,
				364F0787192B1B6A008472D9 /* face92.png in Resources */,
				364F075F192B1B6A008472D9 /* face56.png in Resources */,
				364F0773192B1B6A008472D9 /* face74.png in Resources */,
				364F0778192B1B6A008472D9 /* face79.png in Resources */,
				364F072D192B1B6A008472D9 /* face103.png in Resources */,
				364F076E192B1B6A008472D9 /* face7.png in Resources */,
				364F0767192B1B6A008472D9 /* face63.gif in Resources */,
				364F078B192B1B6A008472D9 /* face96.gif in Resources */,
				364F0768192B1B6A008472D9 /* face64.gif in Resources */,
				364F0753192B1B6A008472D9 /* face45.png in Resources */,
				364F0743192B1B6A008472D9 /* face30.png in Resources */,
				364F0770192B1B6A008472D9 /* face71.gif in Resources */,
				364F0748192B1B6A008472D9 /* face35.png in Resources */,
				364F074A192B1B6A008472D9 /* face37.png in Resources */,
				364F0781192B1B6A008472D9 /* face87.png in Resources */,
				364F0762192B1B6A008472D9 /* face59.png in Resources */,
				364F0785192B1B6A008472D9 /* face90.png in Resources */,
				364F0733192B1B6A008472D9 /* face16.png in Resources */,
				364F0769192B1B6A008472D9 /* face65.png in Resources */,
				364F0740192B1B6A008472D9 /* face28.png in Resources */,
				364F074C192B1B6A008472D9 /* face39.gif in Resources */,
				364F077E192B1B6A008472D9 /* face84.gif in Resources */,
				364F075C192B1B6A008472D9 /* face53.png in Resources */,
				364F0737192B1B6A008472D9 /* face2.png in Resources */,
				364F076F192B1B6A008472D9 /* face70.gif in Resources */,
				364F0728192B1B6A008472D9 /* face1.png in Resources */,
				364F072C192B1B6A008472D9 /* face102.png in Resources */,
				364F076C192B1B6A008472D9 /* face68.png in Resources */,
				364A89331929B07200BAFB8C /* Main.storyboard in Resources */,
				364F0776192B1B6A008472D9 /* face77.png in Resources */,
				364F0763192B1B6A008472D9 /* face6.png in Resources */,
				364F0760192B1B6A008472D9 /* face57.png in Resources */,
				364F074B192B1B6A008472D9 /* face38.png in Resources */,
				364F0751192B1B6A008472D9 /* face43.png in Resources */,
				364F077B192B1B6A008472D9 /* face81.png in Resources */,
				364F0783192B1B6A008472D9 /* face89.png in Resources */,
				364F076A192B1B6A008472D9 /* face66.png in Resources */,
				364F0736192B1B6A008472D9 /* face19.png in Resources */,
				364F0735192B1B6A008472D9 /* face18.png in Resources */,
				364F073B192B1B6A008472D9 /* face23.png in Resources */,
				364F0784192B1B6A008472D9 /* face9.png in Resources */,
				364F0727192B1B6A008472D9 /* emotionImage.plist in Resources */,
				364F0780192B1B6A008472D9 /* face86.png in Resources */,
				364F078C192B1B6A008472D9 /* face97.gif in Resources */,
				364F0761192B1B6A008472D9 /* face58.png in Resources */,
				364F078A192B1B6A008472D9 /* face95.gif in Resources */,
				369EBEC71929B320008CE3DB /* ReceiverTextNodeBkgHL_ios7@2x.png in Resources */,
				364F0775192B1B6A008472D9 /* face76.png in Resources */,
				364F077F192B1B6A008472D9 /* face85.png in Resources */,
				364F0765192B1B6A008472D9 /* face61.gif in Resources */,
			);
			runOnlyForDeploymentPostprocessing = 0;
		};
		364A893B1929B07200BAFB8C /* Resources */ = {
			isa = PBXResourcesBuildPhase;
			buildActionMask = 2147483647;
			files = (
				364A89491929B07200BAFB8C /* InfoPlist.strings in Resources */,
			);
			runOnlyForDeploymentPostprocessing = 0;
		};
/* End PBXResourcesBuildPhase section */

/* Begin PBXSourcesBuildPhase section */
		364A89181929B07200BAFB8C /* Sources */ = {
			isa = PBXSourcesBuildPhase;
			buildActionMask = 2147483647;
			files = (
				364A89361929B07200BAFB8C /* ViewController.m in Sources */,
				364A89301929B07200BAFB8C /* AppDelegate.m in Sources */,
				364A895A1929B09400BAFB8C /* MLEmojiLabel.m in Sources */,
				364A892C1929B07200BAFB8C /* main.m in Sources */,
				364A89571929B08200BAFB8C /* TTTAttributedLabel.m in Sources */,
			);
			runOnlyForDeploymentPostprocessing = 0;
		};
		364A89391929B07200BAFB8C /* Sources */ = {
			isa = PBXSourcesBuildPhase;
			buildActionMask = 2147483647;
			files = (
				364A894B1929B07200BAFB8C /* MLEmojiLabelTests.m in Sources */,
			);
			runOnlyForDeploymentPostprocessing = 0;
		};
/* End PBXSourcesBuildPhase section */

/* Begin PBXTargetDependency section */
		364A89431929B07200BAFB8C /* PBXTargetDependency */ = {
			isa = PBXTargetDependency;
			target = 364A891B1929B07200BAFB8C /* MLEmojiLabel */;
			targetProxy = 364A89421929B07200BAFB8C /* PBXContainerItemProxy */;
		};
/* End PBXTargetDependency section */

/* Begin PBXVariantGroup section */
		364A89281929B07200BAFB8C /* InfoPlist.strings */ = {
			isa = PBXVariantGroup;
			children = (
				364A89291929B07200BAFB8C /* en */,
			);
			name = InfoPlist.strings;
			sourceTree = "<group>";
		};
		364A89311929B07200BAFB8C /* Main.storyboard */ = {
			isa = PBXVariantGroup;
			children = (
				364A89321929B07200BAFB8C /* Base */,
			);
			name = Main.storyboard;
			sourceTree = "<group>";
		};
		364A89471929B07200BAFB8C /* InfoPlist.strings */ = {
			isa = PBXVariantGroup;
			children = (
				364A89481929B07200BAFB8C /* en */,
			);
			name = InfoPlist.strings;
			sourceTree = "<group>";
		};
/* End PBXVariantGroup section */

/* Begin XCBuildConfiguration section */
		364A894C1929B07200BAFB8C /* Debug */ = {
			isa = XCBuildConfiguration;
			buildSettings = {
				ALWAYS_SEARCH_USER_PATHS = NO;
				CLANG_CXX_LANGUAGE_STANDARD = "gnu++0x";
				CLANG_CXX_LIBRARY = "libc++";
				CLANG_ENABLE_MODULES = YES;
				CLANG_ENABLE_OBJC_ARC = YES;
				CLANG_WARN_BOOL_CONVERSION = YES;
				CLANG_WARN_CONSTANT_CONVERSION = YES;
				CLANG_WARN_DIRECT_OBJC_ISA_USAGE = YES_ERROR;
				CLANG_WARN_EMPTY_BODY = YES;
				CLANG_WARN_ENUM_CONVERSION = YES;
				CLANG_WARN_INT_CONVERSION = YES;
				CLANG_WARN_OBJC_ROOT_CLASS = YES_ERROR;
				CLANG_WARN__DUPLICATE_METHOD_MATCH = YES;
				"CODE_SIGN_IDENTITY[sdk=iphoneos*]" = "iPhone Developer";
				COPY_PHASE_STRIP = NO;
				GCC_C_LANGUAGE_STANDARD = gnu99;
				GCC_DYNAMIC_NO_PIC = NO;
				GCC_OPTIMIZATION_LEVEL = 0;
				GCC_PREPROCESSOR_DEFINITIONS = (
					"DEBUG=1",
					"$(inherited)",
				);
				GCC_SYMBOLS_PRIVATE_EXTERN = NO;
				GCC_WARN_64_TO_32_BIT_CONVERSION = YES;
				GCC_WARN_ABOUT_RETURN_TYPE = YES_ERROR;
				GCC_WARN_UNDECLARED_SELECTOR = YES;
				GCC_WARN_UNINITIALIZED_AUTOS = YES_AGGRESSIVE;
				GCC_WARN_UNUSED_FUNCTION = YES;
				GCC_WARN_UNUSED_VARIABLE = YES;
				IPHONEOS_DEPLOYMENT_TARGET = 7.1;
				ONLY_ACTIVE_ARCH = YES;
				SDKROOT = iphoneos;
			};
			name = Debug;
		};
		364A894D1929B07200BAFB8C /* Release */ = {
			isa = XCBuildConfiguration;
			buildSettings = {
				ALWAYS_SEARCH_USER_PATHS = NO;
				CLANG_CXX_LANGUAGE_STANDARD = "gnu++0x";
				CLANG_CXX_LIBRARY = "libc++";
				CLANG_ENABLE_MODULES = YES;
				CLANG_ENABLE_OBJC_ARC = YES;
				CLANG_WARN_BOOL_CONVERSION = YES;
				CLANG_WARN_CONSTANT_CONVERSION = YES;
				CLANG_WARN_DIRECT_OBJC_ISA_USAGE = YES_ERROR;
				CLANG_WARN_EMPTY_BODY = YES;
				CLANG_WARN_ENUM_CONVERSION = YES;
				CLANG_WARN_INT_CONVERSION = YES;
				CLANG_WARN_OBJC_ROOT_CLASS = YES_ERROR;
				CLANG_WARN__DUPLICATE_METHOD_MATCH = YES;
				"CODE_SIGN_IDENTITY[sdk=iphoneos*]" = "iPhone Developer";
				COPY_PHASE_STRIP = YES;
				ENABLE_NS_ASSERTIONS = NO;
				GCC_C_LANGUAGE_STANDARD = gnu99;
				GCC_WARN_64_TO_32_BIT_CONVERSION = YES;
				GCC_WARN_ABOUT_RETURN_TYPE = YES_ERROR;
				GCC_WARN_UNDECLARED_SELECTOR = YES;
				GCC_WARN_UNINITIALIZED_AUTOS = YES_AGGRESSIVE;
				GCC_WARN_UNUSED_FUNCTION = YES;
				GCC_WARN_UNUSED_VARIABLE = YES;
				IPHONEOS_DEPLOYMENT_TARGET = 7.1;
				SDKROOT = iphoneos;
				VALIDATE_PRODUCT = YES;
			};
			name = Release;
		};
		364A894F1929B07200BAFB8C /* Debug */ = {
			isa = XCBuildConfiguration;
			buildSettings = {
				ASSETCATALOG_COMPILER_APPICON_NAME = AppIcon;
				ASSETCATALOG_COMPILER_LAUNCHIMAGE_NAME = LaunchImage;
				GCC_PRECOMPILE_PREFIX_HEADER = YES;
				GCC_PREFIX_HEADER = "MLEmojiLabel/MLEmojiLabel-Prefix.pch";
				INFOPLIST_FILE = "MLEmojiLabel/MLEmojiLabel-Info.plist";
				PRODUCT_NAME = "$(TARGET_NAME)";
				WRAPPER_EXTENSION = app;
			};
			name = Debug;
		};
		364A89501929B07200BAFB8C /* Release */ = {
			isa = XCBuildConfiguration;
			buildSettings = {
				ASSETCATALOG_COMPILER_APPICON_NAME = AppIcon;
				ASSETCATALOG_COMPILER_LAUNCHIMAGE_NAME = LaunchImage;
				GCC_PRECOMPILE_PREFIX_HEADER = YES;
				GCC_PREFIX_HEADER = "MLEmojiLabel/MLEmojiLabel-Prefix.pch";
				INFOPLIST_FILE = "MLEmojiLabel/MLEmojiLabel-Info.plist";
				PRODUCT_NAME = "$(TARGET_NAME)";
				WRAPPER_EXTENSION = app;
			};
			name = Release;
		};
		364A89521929B07200BAFB8C /* Debug */ = {
			isa = XCBuildConfiguration;
			buildSettings = {
				BUNDLE_LOADER = "$(BUILT_PRODUCTS_DIR)/MLEmojiLabel.app/MLEmojiLabel";
				FRAMEWORK_SEARCH_PATHS = (
					"$(SDKROOT)/Developer/Library/Frameworks",
					"$(inherited)",
					"$(DEVELOPER_FRAMEWORKS_DIR)",
				);
				GCC_PRECOMPILE_PREFIX_HEADER = YES;
				GCC_PREFIX_HEADER = "MLEmojiLabel/MLEmojiLabel-Prefix.pch";
				GCC_PREPROCESSOR_DEFINITIONS = (
					"DEBUG=1",
					"$(inherited)",
				);
				INFOPLIST_FILE = "MLEmojiLabelTests/MLEmojiLabelTests-Info.plist";
				PRODUCT_NAME = "$(TARGET_NAME)";
				TEST_HOST = "$(BUNDLE_LOADER)";
				WRAPPER_EXTENSION = xctest;
			};
			name = Debug;
		};
		364A89531929B07200BAFB8C /* Release */ = {
			isa = XCBuildConfiguration;
			buildSettings = {
				BUNDLE_LOADER = "$(BUILT_PRODUCTS_DIR)/MLEmojiLabel.app/MLEmojiLabel";
				FRAMEWORK_SEARCH_PATHS = (
					"$(SDKROOT)/Developer/Library/Frameworks",
					"$(inherited)",
					"$(DEVELOPER_FRAMEWORKS_DIR)",
				);
				GCC_PRECOMPILE_PREFIX_HEADER = YES;
				GCC_PREFIX_HEADER = "MLEmojiLabel/MLEmojiLabel-Prefix.pch";
				INFOPLIST_FILE = "MLEmojiLabelTests/MLEmojiLabelTests-Info.plist";
				PRODUCT_NAME = "$(TARGET_NAME)";
				TEST_HOST = "$(BUNDLE_LOADER)";
				WRAPPER_EXTENSION = xctest;
			};
			name = Release;
		};
/* End XCBuildConfiguration section */

/* Begin XCConfigurationList section */
		364A89171929B07200BAFB8C /* Build configuration list for PBXProject "MLEmojiLabel" */ = {
			isa = XCConfigurationList;
			buildConfigurations = (
				364A894C1929B07200BAFB8C /* Debug */,
				364A894D1929B07200BAFB8C /* Release */,
			);
			defaultConfigurationIsVisible = 0;
			defaultConfigurationName = Release;
		};
		364A894E1929B07200BAFB8C /* Build configuration list for PBXNativeTarget "MLEmojiLabel" */ = {
			isa = XCConfigurationList;
			buildConfigurations = (
				364A894F1929B07200BAFB8C /* Debug */,
				364A89501929B07200BAFB8C /* Release */,
			);
			defaultConfigurationIsVisible = 0;
			defaultConfigurationName = Release;
		};
		364A89511929B07200BAFB8C /* Build configuration list for PBXNativeTarget "MLEmojiLabelTests" */ = {
			isa = XCConfigurationList;
			buildConfigurations = (
				364A89521929B07200BAFB8C /* Debug */,
				364A89531929B07200BAFB8C /* Release */,
			);
			defaultConfigurationIsVisible = 0;
			defaultConfigurationName = Release;
		};
/* End XCConfigurationList section */
	};
	rootObject = 364A89141929B07200BAFB8C /* Project object */;
}
